// !$*UTF8*$!
{
	archiveVersion = 1;
	classes = {
	};
	objectVersion = 46;
	objects = {

/* Begin PBXBuildFile section */
		324F458A1EA809936436364F /* FAComponents.swift in Sources */ = {isa = PBXBuildFile; fileRef = 324F4A701F24E1C27D5CA52D /* FAComponents.swift */; };
		39E4C1141AB5EF63001B310D /* CountryTableViewController.swift in Sources */ = {isa = PBXBuildFile; fileRef = 39E4C1131AB5EF63001B310D /* CountryTableViewController.swift */; };
		721C000E1AA2FA6900484BAA /* childs-transparant.png in Resources */ = {isa = PBXBuildFile; fileRef = 721C00001AA2FA6900484BAA /* childs-transparant.png */; };
		721C00101AA2FA6900484BAA /* childs.xcf in Resources */ = {isa = PBXBuildFile; fileRef = 721C00021AA2FA6900484BAA /* childs.xcf */; };
		721C00111AA2FA6900484BAA /* fontawesome-webfont.ttf in Resources */ = {isa = PBXBuildFile; fileRef = 721C00031AA2FA6900484BAA /* fontawesome-webfont.ttf */; };
		721C00121AA2FA6900484BAA /* childs.png in Resources */ = {isa = PBXBuildFile; fileRef = 721C00051AA2FA6900484BAA /* childs.png */; };
		721C00131AA2FA6900484BAA /* childs_114.png in Resources */ = {isa = PBXBuildFile; fileRef = 721C00061AA2FA6900484BAA /* childs_114.png */; };
		721C00141AA2FA6900484BAA /* childs_120.png in Resources */ = {isa = PBXBuildFile; fileRef = 721C00071AA2FA6900484BAA /* childs_120.png */; };
		721C00151AA2FA6900484BAA /* childs_180.png in Resources */ = {isa = PBXBuildFile; fileRef = 721C00081AA2FA6900484BAA /* childs_180.png */; };
		721C00161AA2FA6900484BAA /* childs_29.png in Resources */ = {isa = PBXBuildFile; fileRef = 721C00091AA2FA6900484BAA /* childs_29.png */; };
		721C00171AA2FA6900484BAA /* childs_57.png in Resources */ = {isa = PBXBuildFile; fileRef = 721C000A1AA2FA6900484BAA /* childs_57.png */; };
		721C00181AA2FA6900484BAA /* childs_58.png in Resources */ = {isa = PBXBuildFile; fileRef = 721C000B1AA2FA6900484BAA /* childs_58.png */; };
		721C00191AA2FA6900484BAA /* childs_80.png in Resources */ = {isa = PBXBuildFile; fileRef = 721C000C1AA2FA6900484BAA /* childs_80.png */; };
		721C001A1AA2FA6900484BAA /* childs_87.png in Resources */ = {isa = PBXBuildFile; fileRef = 721C000D1AA2FA6900484BAA /* childs_87.png */; };
		721C00201AA2FA7B00484BAA /* LaunchScreen.xib in Resources */ = {isa = PBXBuildFile; fileRef = 721C001E1AA2FA7B00484BAA /* LaunchScreen.xib */; };
		721C002C1AA2FABE00484BAA /* UserModel.swift in Sources */ = {isa = PBXBuildFile; fileRef = 721C00271AA2FABE00484BAA /* UserModel.swift */; };
		721C002D1AA2FABE00484BAA /* UserModelObserver.swift in Sources */ = {isa = PBXBuildFile; fileRef = 721C00281AA2FABE00484BAA /* UserModelObserver.swift */; };
		721C00301AA2FB2B00484BAA /* Main.storyboard in Resources */ = {isa = PBXBuildFile; fileRef = 721C002E1AA2FB2B00484BAA /* Main.storyboard */; };
		721C00321AA3366400484BAA /* Settings.bundle in Resources */ = {isa = PBXBuildFile; fileRef = 721C00311AA3366400484BAA /* Settings.bundle */; };
		721CFFCA1AA2F6E400484BAA /* AppDelegate.swift in Sources */ = {isa = PBXBuildFile; fileRef = 721CFFC91AA2F6E400484BAA /* AppDelegate.swift */; };
		721CFFF71AA2FA4D00484BAA /* GPSLocationManager.swift in Sources */ = {isa = PBXBuildFile; fileRef = 721CFFF61AA2FA4D00484BAA /* GPSLocationManager.swift */; };
		721CFFFC1AA2FA6000484BAA /* ConverterViewController.swift in Sources */ = {isa = PBXBuildFile; fileRef = 721CFFF91AA2FA6000484BAA /* ConverterViewController.swift */; };
		723475A01AEB932F0036E764 /* ConvertionRateManagerTests.swift in Sources */ = {isa = PBXBuildFile; fileRef = 7234759F1AEB932F0036E764 /* ConvertionRateManagerTests.swift */; };
		723475A21AEB93BD0036E764 /* ConversionRateManagerSub.swift in Sources */ = {isa = PBXBuildFile; fileRef = 723475A11AEB93BD0036E764 /* ConversionRateManagerSub.swift */; };
		723475A41AEB94090036E764 /* config.plist in Resources */ = {isa = PBXBuildFile; fileRef = 723475A31AEB94090036E764 /* config.plist */; };
		723475A51AEB94090036E764 /* config.plist in Resources */ = {isa = PBXBuildFile; fileRef = 723475A31AEB94090036E764 /* config.plist */; };
		723475A71AEBBBCC0036E764 /* valid_json.txt in Resources */ = {isa = PBXBuildFile; fileRef = 723475A61AEBBBCC0036E764 /* valid_json.txt */; };
		723475A81AEBBBCC0036E764 /* valid_json.txt in Resources */ = {isa = PBXBuildFile; fileRef = 723475A61AEBBBCC0036E764 /* valid_json.txt */; };
		723475AA1AEBBBF80036E764 /* invalid_json.txt in Resources */ = {isa = PBXBuildFile; fileRef = 723475A91AEBBBF80036E764 /* invalid_json.txt */; };
		723475AB1AEBBBF80036E764 /* invalid_json.txt in Resources */ = {isa = PBXBuildFile; fileRef = 723475A91AEBBBF80036E764 /* invalid_json.txt */; };
		723475AF1AEBC36B0036E764 /* config_test.plist in Resources */ = {isa = PBXBuildFile; fileRef = 723475AE1AEBC36B0036E764 /* config_test.plist */; };
		723475B21AEBC7690036E764 /* Timing.swift in Sources */ = {isa = PBXBuildFile; fileRef = 723475B11AEBC7690036E764 /* Timing.swift */; };
		723475B31AEBC78C0036E764 /* Timing.swift in Sources */ = {isa = PBXBuildFile; fileRef = 723475B11AEBC7690036E764 /* Timing.swift */; };
		7239BB521AE960A10097CFA2 /* GPSLocationManager.swift in Sources */ = {isa = PBXBuildFile; fileRef = 721CFFF61AA2FA4D00484BAA /* GPSLocationManager.swift */; };
		7239BB531AE960EA0097CFA2 /* UserModel.swift in Sources */ = {isa = PBXBuildFile; fileRef = 721C00271AA2FABE00484BAA /* UserModel.swift */; };
		7239BB541AE9626A0097CFA2 /* LocaleUtils.swift in Sources */ = {isa = PBXBuildFile; fileRef = 7263533D1AC7DCC300F4F4A5 /* LocaleUtils.swift */; };
		7239BB561AE962890097CFA2 /* LocaleCountryNameTuple.swift in Sources */ = {isa = PBXBuildFile; fileRef = 726353431AC7FB3C00F4F4A5 /* LocaleCountryNameTuple.swift */; };
		7239BB631AE980370097CFA2 /* CountrySelectorType.swift in Sources */ = {isa = PBXBuildFile; fileRef = 725DDD9C1AC81BC900FA6ED5 /* CountrySelectorType.swift */; };
		7239BB641AE9803C0097CFA2 /* ConversionRateManager.swift in Sources */ = {isa = PBXBuildFile; fileRef = 72A9D4C71AA5246800A15E70 /* ConversionRateManager.swift */; };
		7239BB681AE982A80097CFA2 /* UserModelObserver.swift in Sources */ = {isa = PBXBuildFile; fileRef = 721C00281AA2FABE00484BAA /* UserModelObserver.swift */; };
		725DDD9D1AC81BC900FA6ED5 /* CountrySelectorType.swift in Sources */ = {isa = PBXBuildFile; fileRef = 725DDD9C1AC81BC900FA6ED5 /* CountrySelectorType.swift */; };
		7263533E1AC7DCC300F4F4A5 /* LocaleUtils.swift in Sources */ = {isa = PBXBuildFile; fileRef = 7263533D1AC7DCC300F4F4A5 /* LocaleUtils.swift */; };
		726353441AC7FB3C00F4F4A5 /* LocaleCountryNameTuple.swift in Sources */ = {isa = PBXBuildFile; fileRef = 726353431AC7FB3C00F4F4A5 /* LocaleCountryNameTuple.swift */; };
		7266E4551AF947230032EF4C /* ConverterViewControllerTests.swift in Sources */ = {isa = PBXBuildFile; fileRef = 7266E4541AF947230032EF4C /* ConverterViewControllerTests.swift */; };
		7266E4561AF947770032EF4C /* ConverterViewController.swift in Sources */ = {isa = PBXBuildFile; fileRef = 721CFFF91AA2FA6000484BAA /* ConverterViewController.swift */; };
		7266E4571AF947D90032EF4C /* Extensions.swift in Sources */ = {isa = PBXBuildFile; fileRef = 72C003B21AE31707009E309E /* Extensions.swift */; };
		7266E4581AF948400032EF4C /* FAComponents.swift in Sources */ = {isa = PBXBuildFile; fileRef = 324F4A701F24E1C27D5CA52D /* FAComponents.swift */; };
		7266E4591AF948550032EF4C /* MenuViewController.swift in Sources */ = {isa = PBXBuildFile; fileRef = 72FEF4371AD461560057F388 /* MenuViewController.swift */; };
		7266E45A1AF9485E0032EF4C /* CountrySelectorViewController.swift in Sources */ = {isa = PBXBuildFile; fileRef = 72FEF4391AD461950057F388 /* CountrySelectorViewController.swift */; };
		7266E45B1AF948680032EF4C /* CountryTableViewController.swift in Sources */ = {isa = PBXBuildFile; fileRef = 39E4C1131AB5EF63001B310D /* CountryTableViewController.swift */; };
		72A465D91B5C03EB0037E922 /* StoreKit.framework in Frameworks */ = {isa = PBXBuildFile; fileRef = 72A465D81B5C03EB0037E922 /* StoreKit.framework */; };
		72A9D4C51AA5219C00A15E70 /* GPSLoctionManagerTests.swift in Sources */ = {isa = PBXBuildFile; fileRef = 72A9D4C41AA5219C00A15E70 /* GPSLoctionManagerTests.swift */; };
		72A9D4C81AA5246800A15E70 /* ConversionRateManager.swift in Sources */ = {isa = PBXBuildFile; fileRef = 72A9D4C71AA5246800A15E70 /* ConversionRateManager.swift */; };
		72B2EFAB1AF4C47E00E26FE4 /* OfflineEntry.swift in Sources */ = {isa = PBXBuildFile; fileRef = 72B2EFAA1AF4C47E00E26FE4 /* OfflineEntry.swift */; };
		72B2EFAD1AF4C6C800E26FE4 /* OfflineEntry.swift in Sources */ = {isa = PBXBuildFile; fileRef = 72B2EFAA1AF4C47E00E26FE4 /* OfflineEntry.swift */; };
		72B5B93B1AFF828600C436D4 /* supported_currencies.txt in Resources */ = {isa = PBXBuildFile; fileRef = 72B5B93A1AFF828600C436D4 /* supported_currencies.txt */; };
		72B5B93C1AFF828600C436D4 /* supported_currencies.txt in Resources */ = {isa = PBXBuildFile; fileRef = 72B5B93A1AFF828600C436D4 /* supported_currencies.txt */; };
		72B5B93E1AFF836F00C436D4 /* FileUtils.swift in Sources */ = {isa = PBXBuildFile; fileRef = 72B5B93D1AFF836F00C436D4 /* FileUtils.swift */; };
		72B5B93F1AFF836F00C436D4 /* FileUtils.swift in Sources */ = {isa = PBXBuildFile; fileRef = 72B5B93D1AFF836F00C436D4 /* FileUtils.swift */; };
		72C003B31AE31707009E309E /* Extensions.swift in Sources */ = {isa = PBXBuildFile; fileRef = 72C003B21AE31707009E309E /* Extensions.swift */; };
		72C10AF31AF93C7B00F68907 /* ConversionRateObject.swift in Sources */ = {isa = PBXBuildFile; fileRef = 72C10AF21AF93C7B00F68907 /* ConversionRateObject.swift */; };
		72C10AF41AF93FCA00F68907 /* ConversionRateObject.swift in Sources */ = {isa = PBXBuildFile; fileRef = 72C10AF21AF93C7B00F68907 /* ConversionRateObject.swift */; };
		72C915ED1AD57C6000DC8F1B /* Podfile in Resources */ = {isa = PBXBuildFile; fileRef = 72C915EC1AD57C6000DC8F1B /* Podfile */; };
		72F307561AA3A3D00066F2A1 /* Images.xcassets in Resources */ = {isa = PBXBuildFile; fileRef = 72F307551AA3A3D00066F2A1 /* Images.xcassets */; };
		72FEF4381AD461560057F388 /* MenuViewController.swift in Sources */ = {isa = PBXBuildFile; fileRef = 72FEF4371AD461560057F388 /* MenuViewController.swift */; };
		72FEF43A1AD461950057F388 /* CountrySelectorViewController.swift in Sources */ = {isa = PBXBuildFile; fileRef = 72FEF4391AD461950057F388 /* CountrySelectorViewController.swift */; };
		86BD0C53C7231FFB7E0064CD /* Pods_picnicTests.framework in Frameworks */ = {isa = PBXBuildFile; fileRef = FB248906B3726681FD720E80 /* Pods_picnicTests.framework */; };
		8C66A180FE31664AA408BD81 /* Pods_picnic.framework in Frameworks */ = {isa = PBXBuildFile; fileRef = 2555CA28AD9C0A5725444104 /* Pods_picnic.framework */; };
/* End PBXBuildFile section */

/* Begin PBXContainerItemProxy section */
		721CFFDA1AA2F6E400484BAA /* PBXContainerItemProxy */ = {
			isa = PBXContainerItemProxy;
			containerPortal = 721CFFBC1AA2F6E400484BAA /* Project object */;
			proxyType = 1;
			remoteGlobalIDString = 721CFFC31AA2F6E400484BAA;
			remoteInfo = picnic;
		};
/* End PBXContainerItemProxy section */

/* Begin PBXFileReference section */
		2326EA8B6F41A14BBE61FF07 /* Pods.framework */ = {isa = PBXFileReference; explicitFileType = wrapper.framework; includeInIndex = 0; path = Pods.framework; sourceTree = BUILT_PRODUCTS_DIR; };
		2555CA28AD9C0A5725444104 /* Pods_picnic.framework */ = {isa = PBXFileReference; explicitFileType = wrapper.framework; includeInIndex = 0; path = Pods_picnic.framework; sourceTree = BUILT_PRODUCTS_DIR; };
		324F4A701F24E1C27D5CA52D /* FAComponents.swift */ = {isa = PBXFileReference; fileEncoding = 4; lastKnownFileType = sourcecode.swift; path = FAComponents.swift; sourceTree = "<group>"; };
		36BB9453BFB4F30B1868D8A6 /* Pods-picnic.release.xcconfig */ = {isa = PBXFileReference; includeInIndex = 1; lastKnownFileType = text.xcconfig; name = "Pods-picnic.release.xcconfig"; path = "Pods/Target Support Files/Pods-picnic/Pods-picnic.release.xcconfig"; sourceTree = "<group>"; };
		39E4C1131AB5EF63001B310D /* CountryTableViewController.swift */ = {isa = PBXFileReference; fileEncoding = 4; lastKnownFileType = sourcecode.swift; path = CountryTableViewController.swift; sourceTree = "<group>"; };
		4E267E451B046B8A7C67E352 /* Pods-picnicTests.release.xcconfig */ = {isa = PBXFileReference; includeInIndex = 1; lastKnownFileType = text.xcconfig; name = "Pods-picnicTests.release.xcconfig"; path = "Pods/Target Support Files/Pods-picnicTests/Pods-picnicTests.release.xcconfig"; sourceTree = "<group>"; };
		721C00001AA2FA6900484BAA /* childs-transparant.png */ = {isa = PBXFileReference; lastKnownFileType = image.png; path = "childs-transparant.png"; sourceTree = "<group>"; };
		721C00011AA2FA6900484BAA /* childs.png */ = {isa = PBXFileReference; lastKnownFileType = image.png; path = childs.png; sourceTree = "<group>"; };
		721C00021AA2FA6900484BAA /* childs.xcf */ = {isa = PBXFileReference; lastKnownFileType = file; path = childs.xcf; sourceTree = "<group>"; };
		721C00031AA2FA6900484BAA /* fontawesome-webfont.ttf */ = {isa = PBXFileReference; lastKnownFileType = file; path = "fontawesome-webfont.ttf"; sourceTree = "<group>"; };
		721C00051AA2FA6900484BAA /* childs.png */ = {isa = PBXFileReference; lastKnownFileType = image.png; path = childs.png; sourceTree = "<group>"; };
		721C00061AA2FA6900484BAA /* childs_114.png */ = {isa = PBXFileReference; lastKnownFileType = image.png; path = childs_114.png; sourceTree = "<group>"; };
		721C00071AA2FA6900484BAA /* childs_120.png */ = {isa = PBXFileReference; lastKnownFileType = image.png; path = childs_120.png; sourceTree = "<group>"; };
		721C00081AA2FA6900484BAA /* childs_180.png */ = {isa = PBXFileReference; lastKnownFileType = image.png; path = childs_180.png; sourceTree = "<group>"; };
		721C00091AA2FA6900484BAA /* childs_29.png */ = {isa = PBXFileReference; lastKnownFileType = image.png; path = childs_29.png; sourceTree = "<group>"; };
		721C000A1AA2FA6900484BAA /* childs_57.png */ = {isa = PBXFileReference; lastKnownFileType = image.png; path = childs_57.png; sourceTree = "<group>"; };
		721C000B1AA2FA6900484BAA /* childs_58.png */ = {isa = PBXFileReference; lastKnownFileType = image.png; path = childs_58.png; sourceTree = "<group>"; };
		721C000C1AA2FA6900484BAA /* childs_80.png */ = {isa = PBXFileReference; lastKnownFileType = image.png; path = childs_80.png; sourceTree = "<group>"; };
		721C000D1AA2FA6900484BAA /* childs_87.png */ = {isa = PBXFileReference; lastKnownFileType = image.png; path = childs_87.png; sourceTree = "<group>"; };
		721C001F1AA2FA7B00484BAA /* Base */ = {isa = PBXFileReference; lastKnownFileType = file.xib; name = Base; path = LaunchScreen.xib; sourceTree = "<group>"; };
		721C00271AA2FABE00484BAA /* UserModel.swift */ = {isa = PBXFileReference; fileEncoding = 4; lastKnownFileType = sourcecode.swift; path = UserModel.swift; sourceTree = "<group>"; };
		721C00281AA2FABE00484BAA /* UserModelObserver.swift */ = {isa = PBXFileReference; fileEncoding = 4; lastKnownFileType = sourcecode.swift; path = UserModelObserver.swift; sourceTree = "<group>"; };
		721C002F1AA2FB2B00484BAA /* Base */ = {isa = PBXFileReference; lastKnownFileType = file.storyboard; name = Base; path = Main.storyboard; sourceTree = "<group>"; };
		721C00311AA3366400484BAA /* Settings.bundle */ = {isa = PBXFileReference; lastKnownFileType = "wrapper.plug-in"; path = Settings.bundle; sourceTree = "<group>"; };
		721CFFC41AA2F6E400484BAA /* picnic.app */ = {isa = PBXFileReference; explicitFileType = wrapper.application; includeInIndex = 0; path = picnic.app; sourceTree = BUILT_PRODUCTS_DIR; };
		721CFFC81AA2F6E400484BAA /* Info.plist */ = {isa = PBXFileReference; lastKnownFileType = text.plist.xml; path = Info.plist; sourceTree = "<group>"; };
		721CFFC91AA2F6E400484BAA /* AppDelegate.swift */ = {isa = PBXFileReference; lastKnownFileType = sourcecode.swift; path = AppDelegate.swift; sourceTree = "<group>"; };
		721CFFD91AA2F6E400484BAA /* picnicTests.xctest */ = {isa = PBXFileReference; explicitFileType = wrapper.cfbundle; includeInIndex = 0; path = picnicTests.xctest; sourceTree = BUILT_PRODUCTS_DIR; };
		721CFFDE1AA2F6E400484BAA /* Info.plist */ = {isa = PBXFileReference; lastKnownFileType = text.plist.xml; path = Info.plist; sourceTree = "<group>"; };
		721CFFF61AA2FA4D00484BAA /* GPSLocationManager.swift */ = {isa = PBXFileReference; fileEncoding = 4; lastKnownFileType = sourcecode.swift; path = GPSLocationManager.swift; sourceTree = "<group>"; };
		721CFFF91AA2FA6000484BAA /* ConverterViewController.swift */ = {isa = PBXFileReference; fileEncoding = 4; lastKnownFileType = sourcecode.swift; path = ConverterViewController.swift; sourceTree = "<group>"; };
		7234759F1AEB932F0036E764 /* ConvertionRateManagerTests.swift */ = {isa = PBXFileReference; fileEncoding = 4; lastKnownFileType = sourcecode.swift; path = ConvertionRateManagerTests.swift; sourceTree = "<group>"; };
		723475A11AEB93BD0036E764 /* ConversionRateManagerSub.swift */ = {isa = PBXFileReference; fileEncoding = 4; lastKnownFileType = sourcecode.swift; path = ConversionRateManagerSub.swift; sourceTree = "<group>"; };
		723475A31AEB94090036E764 /* config.plist */ = {isa = PBXFileReference; fileEncoding = 4; lastKnownFileType = text.plist.xml; path = config.plist; sourceTree = "<group>"; };
		723475A61AEBBBCC0036E764 /* valid_json.txt */ = {isa = PBXFileReference; fileEncoding = 4; lastKnownFileType = text; path = valid_json.txt; sourceTree = "<group>"; };
		723475A91AEBBBF80036E764 /* invalid_json.txt */ = {isa = PBXFileReference; fileEncoding = 4; lastKnownFileType = text; path = invalid_json.txt; sourceTree = "<group>"; };
		723475AE1AEBC36B0036E764 /* config_test.plist */ = {isa = PBXFileReference; fileEncoding = 4; lastKnownFileType = text.plist.xml; path = config_test.plist; sourceTree = "<group>"; };
		723475B11AEBC7690036E764 /* Timing.swift */ = {isa = PBXFileReference; fileEncoding = 4; lastKnownFileType = sourcecode.swift; path = Timing.swift; sourceTree = "<group>"; };
		724314DB1AE6D9D800A5213C /* BrightFutures.framework */ = {isa = PBXFileReference; lastKnownFileType = wrapper.framework; name = BrightFutures.framework; path = "Pods/../build/Debug-iphoneos/BrightFutures.framework"; sourceTree = "<group>"; };
		724314DD1AE6D9F000A5213C /* BButton.framework */ = {isa = PBXFileReference; lastKnownFileType = wrapper.framework; name = BButton.framework; path = "Pods/../build/Debug-iphoneos/BButton.framework"; sourceTree = "<group>"; };
		725DDD9C1AC81BC900FA6ED5 /* CountrySelectorType.swift */ = {isa = PBXFileReference; fileEncoding = 4; lastKnownFileType = sourcecode.swift; name = CountrySelectorType.swift; path = models/CountrySelectorType.swift; sourceTree = "<group>"; };
		7263533D1AC7DCC300F4F4A5 /* LocaleUtils.swift */ = {isa = PBXFileReference; fileEncoding = 4; lastKnownFileType = sourcecode.swift; path = LocaleUtils.swift; sourceTree = "<group>"; };
		726353431AC7FB3C00F4F4A5 /* LocaleCountryNameTuple.swift */ = {isa = PBXFileReference; fileEncoding = 4; lastKnownFileType = sourcecode.swift; path = LocaleCountryNameTuple.swift; sourceTree = "<group>"; };
		7266E4541AF947230032EF4C /* ConverterViewControllerTests.swift */ = {isa = PBXFileReference; fileEncoding = 4; lastKnownFileType = sourcecode.swift; path = ConverterViewControllerTests.swift; sourceTree = "<group>"; };
		72A465D71B5C03D90037E922 /* picnic.entitlements */ = {isa = PBXFileReference; lastKnownFileType = text.xml; path = picnic.entitlements; sourceTree = "<group>"; };
		72A465D81B5C03EB0037E922 /* StoreKit.framework */ = {isa = PBXFileReference; lastKnownFileType = wrapper.framework; name = StoreKit.framework; path = System/Library/Frameworks/StoreKit.framework; sourceTree = SDKROOT; };
		72A9D4C41AA5219C00A15E70 /* GPSLoctionManagerTests.swift */ = {isa = PBXFileReference; fileEncoding = 4; lastKnownFileType = sourcecode.swift; path = GPSLoctionManagerTests.swift; sourceTree = "<group>"; };
		72A9D4C71AA5246800A15E70 /* ConversionRateManager.swift */ = {isa = PBXFileReference; fileEncoding = 4; lastKnownFileType = sourcecode.swift; path = ConversionRateManager.swift; sourceTree = "<group>"; };
		72B2EFAA1AF4C47E00E26FE4 /* OfflineEntry.swift */ = {isa = PBXFileReference; fileEncoding = 4; lastKnownFileType = sourcecode.swift; path = OfflineEntry.swift; sourceTree = "<group>"; };
		72B5B93A1AFF828600C436D4 /* supported_currencies.txt */ = {isa = PBXFileReference; fileEncoding = 4; lastKnownFileType = text; path = supported_currencies.txt; sourceTree = SOURCE_ROOT; };
		72B5B93D1AFF836F00C436D4 /* FileUtils.swift */ = {isa = PBXFileReference; fileEncoding = 4; lastKnownFileType = sourcecode.swift; path = FileUtils.swift; sourceTree = "<group>"; };
		72C003B21AE31707009E309E /* Extensions.swift */ = {isa = PBXFileReference; fileEncoding = 4; lastKnownFileType = sourcecode.swift; path = Extensions.swift; sourceTree = "<group>"; };
		72C10AF21AF93C7B00F68907 /* ConversionRateObject.swift */ = {isa = PBXFileReference; fileEncoding = 4; lastKnownFileType = sourcecode.swift; path = ConversionRateObject.swift; sourceTree = "<group>"; };
		72C915EC1AD57C6000DC8F1B /* Podfile */ = {isa = PBXFileReference; fileEncoding = 4; lastKnownFileType = text; path = Podfile; sourceTree = SOURCE_ROOT; xcLanguageSpecificationIdentifier = xcode.lang.ruby; };
		72C915EE1AD580F100DC8F1B /* picnic-Bridgeing-Header.h */ = {isa = PBXFileReference; fileEncoding = 4; lastKnownFileType = sourcecode.c.h; path = "picnic-Bridgeing-Header.h"; sourceTree = "<group>"; };
		72F307551AA3A3D00066F2A1 /* Images.xcassets */ = {isa = PBXFileReference; lastKnownFileType = folder.assetcatalog; path = Images.xcassets; sourceTree = "<group>"; };
		72FEF4371AD461560057F388 /* MenuViewController.swift */ = {isa = PBXFileReference; fileEncoding = 4; lastKnownFileType = sourcecode.swift; path = MenuViewController.swift; sourceTree = "<group>"; };
		72FEF4391AD461950057F388 /* CountrySelectorViewController.swift */ = {isa = PBXFileReference; fileEncoding = 4; lastKnownFileType = sourcecode.swift; path = CountrySelectorViewController.swift; sourceTree = "<group>"; };
		96356E8ACBFC581BACE7DA08 /* Pods-picnic.debug.xcconfig */ = {isa = PBXFileReference; includeInIndex = 1; lastKnownFileType = text.xcconfig; name = "Pods-picnic.debug.xcconfig"; path = "Pods/Target Support Files/Pods-picnic/Pods-picnic.debug.xcconfig"; sourceTree = "<group>"; };
		D7D9A7346477D485DD3EB53A /* Pods-picnicTests.debug.xcconfig */ = {isa = PBXFileReference; includeInIndex = 1; lastKnownFileType = text.xcconfig; name = "Pods-picnicTests.debug.xcconfig"; path = "Pods/Target Support Files/Pods-picnicTests/Pods-picnicTests.debug.xcconfig"; sourceTree = "<group>"; };
		FB248906B3726681FD720E80 /* Pods_picnicTests.framework */ = {isa = PBXFileReference; explicitFileType = wrapper.framework; includeInIndex = 0; path = Pods_picnicTests.framework; sourceTree = BUILT_PRODUCTS_DIR; };
/* End PBXFileReference section */

/* Begin PBXFrameworksBuildPhase section */
		721CFFC11AA2F6E400484BAA /* Frameworks */ = {
			isa = PBXFrameworksBuildPhase;
			buildActionMask = 2147483647;
			files = (
				72A465D91B5C03EB0037E922 /* StoreKit.framework in Frameworks */,
				8C66A180FE31664AA408BD81 /* Pods_picnic.framework in Frameworks */,
			);
			runOnlyForDeploymentPostprocessing = 0;
		};
		721CFFD61AA2F6E400484BAA /* Frameworks */ = {
			isa = PBXFrameworksBuildPhase;
			buildActionMask = 2147483647;
			files = (
				86BD0C53C7231FFB7E0064CD /* Pods_picnicTests.framework in Frameworks */,
			);
			runOnlyForDeploymentPostprocessing = 0;
		};
/* End PBXFrameworksBuildPhase section */

/* Begin PBXGroup section */
		324F4293DF490EB72DDC1482 /* rest */ = {
			isa = PBXGroup;
			children = (
			);
			path = rest;
			sourceTree = "<group>";
		};
		721C00041AA2FA6900484BAA /* icons */ = {
			isa = PBXGroup;
			children = (
				721C00051AA2FA6900484BAA /* childs.png */,
				721C00061AA2FA6900484BAA /* childs_114.png */,
				721C00071AA2FA6900484BAA /* childs_120.png */,
				721C00081AA2FA6900484BAA /* childs_180.png */,
				721C00091AA2FA6900484BAA /* childs_29.png */,
				721C000A1AA2FA6900484BAA /* childs_57.png */,
				721C000B1AA2FA6900484BAA /* childs_58.png */,
				721C000C1AA2FA6900484BAA /* childs_80.png */,
				721C000D1AA2FA6900484BAA /* childs_87.png */,
			);
			path = icons;
			sourceTree = "<group>";
		};
		721C001D1AA2FA7B00484BAA /* Base.lproj */ = {
			isa = PBXGroup;
			children = (
				721C002E1AA2FB2B00484BAA /* Main.storyboard */,
				721C001E1AA2FA7B00484BAA /* LaunchScreen.xib */,
			);
			path = Base.lproj;
			sourceTree = "<group>";
		};
		721C00231AA2FABE00484BAA /* models */ = {
			isa = PBXGroup;
			children = (
				721C00271AA2FABE00484BAA /* UserModel.swift */,
				721C00281AA2FABE00484BAA /* UserModelObserver.swift */,
				72B2EFAA1AF4C47E00E26FE4 /* OfflineEntry.swift */,
				72C10AF21AF93C7B00F68907 /* ConversionRateObject.swift */,
			);
			path = models;
			sourceTree = "<group>";
		};
		721CFFBB1AA2F6E400484BAA = {
			isa = PBXGroup;
			children = (
				72C915EE1AD580F100DC8F1B /* picnic-Bridgeing-Header.h */,
				721CFFC61AA2F6E400484BAA /* picnic */,
				721CFFC51AA2F6E400484BAA /* Products */,
				A2265EA50607EF73DB222C36 /* Frameworks */,
				721CFFDC1AA2F6E400484BAA /* picnicTests */,
				EFD1B73D0BBB3CFEF9880911 /* Pods */,
			);
			sourceTree = "<group>";
		};
		721CFFC51AA2F6E400484BAA /* Products */ = {
			isa = PBXGroup;
			children = (
				721CFFC41AA2F6E400484BAA /* picnic.app */,
				721CFFD91AA2F6E400484BAA /* picnicTests.xctest */,
			);
			name = Products;
			sourceTree = "<group>";
		};
		721CFFC61AA2F6E400484BAA /* picnic */ = {
			isa = PBXGroup;
			children = (
				72A465D71B5C03D90037E922 /* picnic.entitlements */,
				725DDD9B1AC8081E00FA6ED5 /* managers */,
				7263533C1AC7DCB200F4F4A5 /* util */,
				721C00231AA2FABE00484BAA /* models */,
				721C001D1AA2FA7B00484BAA /* Base.lproj */,
				721CFFF81AA2FA6000484BAA /* viewControllers */,
				721CFFC91AA2F6E400484BAA /* AppDelegate.swift */,
				72C915EC1AD57C6000DC8F1B /* Podfile */,
				721CFFFF1AA2FA6900484BAA /* Resources */,
				72F307551AA3A3D00066F2A1 /* Images.xcassets */,
				721CFFC71AA2F6E400484BAA /* Supporting Files */,
				723475A31AEB94090036E764 /* config.plist */,
				72B5B93A1AFF828600C436D4 /* supported_currencies.txt */,
				324F4293DF490EB72DDC1482 /* rest */,
			);
			path = picnic;
			sourceTree = "<group>";
		};
		721CFFC71AA2F6E400484BAA /* Supporting Files */ = {
			isa = PBXGroup;
			children = (
				721C00311AA3366400484BAA /* Settings.bundle */,
				721CFFC81AA2F6E400484BAA /* Info.plist */,
			);
			name = "Supporting Files";
			sourceTree = "<group>";
		};
		721CFFDC1AA2F6E400484BAA /* picnicTests */ = {
			isa = PBXGroup;
			children = (
				7266E4531AF947090032EF4C /* viewControllers */,
				723475B01AEBC6E20036E764 /* managers */,
				7239BB4F1AE960620097CFA2 /* Subclasses */,
				721CFFDD1AA2F6E400484BAA /* Supporting Files */,
			);
			path = picnicTests;
			sourceTree = "<group>";
		};
		721CFFDD1AA2F6E400484BAA /* Supporting Files */ = {
			isa = PBXGroup;
			children = (
				723475A61AEBBBCC0036E764 /* valid_json.txt */,
				723475A91AEBBBF80036E764 /* invalid_json.txt */,
				723475AE1AEBC36B0036E764 /* config_test.plist */,
				721CFFDE1AA2F6E400484BAA /* Info.plist */,
			);
			name = "Supporting Files";
			sourceTree = "<group>";
		};
		721CFFF81AA2FA6000484BAA /* viewControllers */ = {
			isa = PBXGroup;
			children = (
				721CFFF91AA2FA6000484BAA /* ConverterViewController.swift */,
				39E4C1131AB5EF63001B310D /* CountryTableViewController.swift */,
				72FEF4371AD461560057F388 /* MenuViewController.swift */,
				72FEF4391AD461950057F388 /* CountrySelectorViewController.swift */,
			);
			path = viewControllers;
			sourceTree = "<group>";
		};
		721CFFFF1AA2FA6900484BAA /* Resources */ = {
			isa = PBXGroup;
			children = (
				721C00001AA2FA6900484BAA /* childs-transparant.png */,
				721C00011AA2FA6900484BAA /* childs.png */,
				721C00021AA2FA6900484BAA /* childs.xcf */,
				721C00031AA2FA6900484BAA /* fontawesome-webfont.ttf */,
				721C00041AA2FA6900484BAA /* icons */,
			);
			path = Resources;
			sourceTree = "<group>";
		};
		7234759E1AEB89D90036E764 /* managers */ = {
			isa = PBXGroup;
			children = (
				723475A11AEB93BD0036E764 /* ConversionRateManagerSub.swift */,
			);
			name = managers;
			sourceTree = "<group>";
		};
		723475B01AEBC6E20036E764 /* managers */ = {
			isa = PBXGroup;
			children = (
				72A9D4C41AA5219C00A15E70 /* GPSLoctionManagerTests.swift */,
				7234759F1AEB932F0036E764 /* ConvertionRateManagerTests.swift */,
			);
			name = managers;
			sourceTree = "<group>";
		};
		7239BB4F1AE960620097CFA2 /* Subclasses */ = {
			isa = PBXGroup;
			children = (
				7234759E1AEB89D90036E764 /* managers */,
			);
			name = Subclasses;
			sourceTree = "<group>";
		};
		725DDD9B1AC8081E00FA6ED5 /* managers */ = {
			isa = PBXGroup;
			children = (
				72A9D4C71AA5246800A15E70 /* ConversionRateManager.swift */,
				721CFFF61AA2FA4D00484BAA /* GPSLocationManager.swift */,
			);
			name = managers;
			sourceTree = "<group>";
		};
		7263533C1AC7DCB200F4F4A5 /* util */ = {
			isa = PBXGroup;
			children = (
				725DDD9C1AC81BC900FA6ED5 /* CountrySelectorType.swift */,
				7263533D1AC7DCC300F4F4A5 /* LocaleUtils.swift */,
				726353431AC7FB3C00F4F4A5 /* LocaleCountryNameTuple.swift */,
				72C003B21AE31707009E309E /* Extensions.swift */,
				324F4A701F24E1C27D5CA52D /* FAComponents.swift */,
				723475B11AEBC7690036E764 /* Timing.swift */,
				72B5B93D1AFF836F00C436D4 /* FileUtils.swift */,
			);
			name = util;
			sourceTree = "<group>";
		};
		7266E4531AF947090032EF4C /* viewControllers */ = {
			isa = PBXGroup;
			children = (
				7266E4541AF947230032EF4C /* ConverterViewControllerTests.swift */,
			);
			name = viewControllers;
			sourceTree = "<group>";
		};
		A2265EA50607EF73DB222C36 /* Frameworks */ = {
			isa = PBXGroup;
			children = (
				72A465D81B5C03EB0037E922 /* StoreKit.framework */,
				724314DD1AE6D9F000A5213C /* BButton.framework */,
				724314DB1AE6D9D800A5213C /* BrightFutures.framework */,
				2326EA8B6F41A14BBE61FF07 /* Pods.framework */,
				2555CA28AD9C0A5725444104 /* Pods_picnic.framework */,
				FB248906B3726681FD720E80 /* Pods_picnicTests.framework */,
			);
			name = Frameworks;
			sourceTree = "<group>";
		};
		EFD1B73D0BBB3CFEF9880911 /* Pods */ = {
			isa = PBXGroup;
			children = (
				96356E8ACBFC581BACE7DA08 /* Pods-picnic.debug.xcconfig */,
				36BB9453BFB4F30B1868D8A6 /* Pods-picnic.release.xcconfig */,
				D7D9A7346477D485DD3EB53A /* Pods-picnicTests.debug.xcconfig */,
				4E267E451B046B8A7C67E352 /* Pods-picnicTests.release.xcconfig */,
			);
			name = Pods;
			sourceTree = "<group>";
		};
/* End PBXGroup section */

/* Begin PBXNativeTarget section */
		721CFFC31AA2F6E400484BAA /* picnic */ = {
			isa = PBXNativeTarget;
			buildConfigurationList = 721CFFE31AA2F6E400484BAA /* Build configuration list for PBXNativeTarget "picnic" */;
			buildPhases = (
				12787477F550C6A5888375A5 /* [CP] Check Pods Manifest.lock */,
				721CFFC01AA2F6E400484BAA /* Sources */,
				721CFFC11AA2F6E400484BAA /* Frameworks */,
				721CFFC21AA2F6E400484BAA /* Resources */,
				F8C391811DE535A3549476D3 /* [CP] Embed Pods Frameworks */,
				D892179B69DB39DDA8267E72 /* [CP] Copy Pods Resources */,
			);
			buildRules = (
			);
			dependencies = (
			);
			name = picnic;
			productName = picnic;
			productReference = 721CFFC41AA2F6E400484BAA /* picnic.app */;
			productType = "com.apple.product-type.application";
		};
		721CFFD81AA2F6E400484BAA /* picnicTests */ = {
			isa = PBXNativeTarget;
			buildConfigurationList = 721CFFE61AA2F6E400484BAA /* Build configuration list for PBXNativeTarget "picnicTests" */;
			buildPhases = (
				75B9697E9DA92B02F7206C76 /* [CP] Check Pods Manifest.lock */,
				721CFFD51AA2F6E400484BAA /* Sources */,
				721CFFD61AA2F6E400484BAA /* Frameworks */,
				721CFFD71AA2F6E400484BAA /* Resources */,
				1F7A4820534D2B17DF2C8CBB /* [CP] Embed Pods Frameworks */,
				0F368C08BA5CE9B840CA6A73 /* [CP] Copy Pods Resources */,
			);
			buildRules = (
			);
			dependencies = (
				721CFFDB1AA2F6E400484BAA /* PBXTargetDependency */,
			);
			name = picnicTests;
			productName = picnicTests;
			productReference = 721CFFD91AA2F6E400484BAA /* picnicTests.xctest */;
			productType = "com.apple.product-type.bundle.unit-test";
		};
/* End PBXNativeTarget section */

/* Begin PBXProject section */
		721CFFBC1AA2F6E400484BAA /* Project object */ = {
			isa = PBXProject;
			attributes = {
				LastSwiftMigration = 0700;
				LastSwiftUpdateCheck = 0700;
				LastUpgradeCheck = 0800;
				ORGANIZATIONNAME = "Knut Nygaard";
				TargetAttributes = {
					721CFFC31AA2F6E400484BAA = {
						CreatedOnToolsVersion = 6.1.1;
						DevelopmentTeam = E9A359GGU4;
						LastSwiftMigration = 0800;
						ProvisioningStyle = Automatic;
						SystemCapabilities = {
							com.apple.InAppPurchase = {
								enabled = 1;
							};
							com.apple.OMC = {
								enabled = 0;
							};
							com.apple.iCloud = {
								enabled = 0;
							};
						};
					};
					721CFFD81AA2F6E400484BAA = {
						CreatedOnToolsVersion = 6.1.1;
						LastSwiftMigration = 0800;
						TestTargetID = 721CFFC31AA2F6E400484BAA;
					};
				};
			};
			buildConfigurationList = 721CFFBF1AA2F6E400484BAA /* Build configuration list for PBXProject "picnic" */;
			compatibilityVersion = "Xcode 3.2";
			developmentRegion = English;
			hasScannedForEncodings = 0;
			knownRegions = (
				en,
				Base,
			);
			mainGroup = 721CFFBB1AA2F6E400484BAA;
			productRefGroup = 721CFFC51AA2F6E400484BAA /* Products */;
			projectDirPath = "";
			projectRoot = "";
			targets = (
				721CFFC31AA2F6E400484BAA /* picnic */,
				721CFFD81AA2F6E400484BAA /* picnicTests */,
			);
		};
/* End PBXProject section */

/* Begin PBXResourcesBuildPhase section */
		721CFFC21AA2F6E400484BAA /* Resources */ = {
			isa = PBXResourcesBuildPhase;
			buildActionMask = 2147483647;
			files = (
				721C00321AA3366400484BAA /* Settings.bundle in Resources */,
				72B5B93B1AFF828600C436D4 /* supported_currencies.txt in Resources */,
				721C00151AA2FA6900484BAA /* childs_180.png in Resources */,
				723475A41AEB94090036E764 /* config.plist in Resources */,
				721C00131AA2FA6900484BAA /* childs_114.png in Resources */,
				721C00191AA2FA6900484BAA /* childs_80.png in Resources */,
				721C00171AA2FA6900484BAA /* childs_57.png in Resources */,
				72C915ED1AD57C6000DC8F1B /* Podfile in Resources */,
				721C001A1AA2FA6900484BAA /* childs_87.png in Resources */,
				721C00141AA2FA6900484BAA /* childs_120.png in Resources */,
				721C00161AA2FA6900484BAA /* childs_29.png in Resources */,
				723475AA1AEBBBF80036E764 /* invalid_json.txt in Resources */,
				721C00111AA2FA6900484BAA /* fontawesome-webfont.ttf in Resources */,
				721C00181AA2FA6900484BAA /* childs_58.png in Resources */,
				723475A71AEBBBCC0036E764 /* valid_json.txt in Resources */,
				721C00121AA2FA6900484BAA /* childs.png in Resources */,
				721C000E1AA2FA6900484BAA /* childs-transparant.png in Resources */,
				721C00101AA2FA6900484BAA /* childs.xcf in Resources */,
				72F307561AA3A3D00066F2A1 /* Images.xcassets in Resources */,
				721C00201AA2FA7B00484BAA /* LaunchScreen.xib in Resources */,
				721C00301AA2FB2B00484BAA /* Main.storyboard in Resources */,
			);
			runOnlyForDeploymentPostprocessing = 0;
		};
		721CFFD71AA2F6E400484BAA /* Resources */ = {
			isa = PBXResourcesBuildPhase;
			buildActionMask = 2147483647;
			files = (
				723475AF1AEBC36B0036E764 /* config_test.plist in Resources */,
				723475A81AEBBBCC0036E764 /* valid_json.txt in Resources */,
				723475AB1AEBBBF80036E764 /* invalid_json.txt in Resources */,
				72B5B93C1AFF828600C436D4 /* supported_currencies.txt in Resources */,
				723475A51AEB94090036E764 /* config.plist in Resources */,
			);
			runOnlyForDeploymentPostprocessing = 0;
		};
/* End PBXResourcesBuildPhase section */

/* Begin PBXShellScriptBuildPhase section */
		0F368C08BA5CE9B840CA6A73 /* [CP] Copy Pods Resources */ = {
			isa = PBXShellScriptBuildPhase;
			buildActionMask = 2147483647;
			files = (
			);
			inputPaths = (
			);
			name = "[CP] Copy Pods Resources";
			outputPaths = (
			);
			runOnlyForDeploymentPostprocessing = 0;
			shellPath = /bin/sh;
			shellScript = "\"${SRCROOT}/Pods/Target Support Files/Pods-picnicTests/Pods-picnicTests-resources.sh\"\n";
			showEnvVarsInLog = 0;
		};
		12787477F550C6A5888375A5 /* [CP] Check Pods Manifest.lock */ = {
			isa = PBXShellScriptBuildPhase;
			buildActionMask = 2147483647;
			files = (
			);
			inputPaths = (
			);
			name = "[CP] Check Pods Manifest.lock";
			outputPaths = (
			);
			runOnlyForDeploymentPostprocessing = 0;
			shellPath = /bin/sh;
			shellScript = "diff \"${PODS_ROOT}/../Podfile.lock\" \"${PODS_ROOT}/Manifest.lock\" > /dev/null\nif [ $? != 0 ] ; then\n    # print error to STDERR\n    echo \"error: The sandbox is not in sync with the Podfile.lock. Run 'pod install' or update your CocoaPods installation.\" >&2\n    exit 1\nfi\n";
			showEnvVarsInLog = 0;
		};
		1F7A4820534D2B17DF2C8CBB /* [CP] Embed Pods Frameworks */ = {
			isa = PBXShellScriptBuildPhase;
			buildActionMask = 2147483647;
			files = (
			);
			inputPaths = (
			);
			name = "[CP] Embed Pods Frameworks";
			outputPaths = (
			);
			runOnlyForDeploymentPostprocessing = 0;
			shellPath = /bin/sh;
			shellScript = "\"${SRCROOT}/Pods/Target Support Files/Pods-picnicTests/Pods-picnicTests-frameworks.sh\"\n";
			showEnvVarsInLog = 0;
		};
		75B9697E9DA92B02F7206C76 /* [CP] Check Pods Manifest.lock */ = {
			isa = PBXShellScriptBuildPhase;
			buildActionMask = 2147483647;
			files = (
			);
			inputPaths = (
			);
			name = "[CP] Check Pods Manifest.lock";
			outputPaths = (
			);
			runOnlyForDeploymentPostprocessing = 0;
			shellPath = /bin/sh;
			shellScript = "diff \"${PODS_ROOT}/../Podfile.lock\" \"${PODS_ROOT}/Manifest.lock\" > /dev/null\nif [ $? != 0 ] ; then\n    # print error to STDERR\n    echo \"error: The sandbox is not in sync with the Podfile.lock. Run 'pod install' or update your CocoaPods installation.\" >&2\n    exit 1\nfi\n";
			showEnvVarsInLog = 0;
		};
		D892179B69DB39DDA8267E72 /* [CP] Copy Pods Resources */ = {
			isa = PBXShellScriptBuildPhase;
			buildActionMask = 2147483647;
			files = (
			);
			inputPaths = (
			);
			name = "[CP] Copy Pods Resources";
			outputPaths = (
			);
			runOnlyForDeploymentPostprocessing = 0;
			shellPath = /bin/sh;
			shellScript = "\"${SRCROOT}/Pods/Target Support Files/Pods-picnic/Pods-picnic-resources.sh\"\n";
			showEnvVarsInLog = 0;
		};
		F8C391811DE535A3549476D3 /* [CP] Embed Pods Frameworks */ = {
			isa = PBXShellScriptBuildPhase;
			buildActionMask = 2147483647;
			files = (
			);
			inputPaths = (
			);
			name = "[CP] Embed Pods Frameworks";
			outputPaths = (
			);
			runOnlyForDeploymentPostprocessing = 0;
			shellPath = /bin/sh;
			shellScript = "\"${SRCROOT}/Pods/Target Support Files/Pods-picnic/Pods-picnic-frameworks.sh\"\n";
			showEnvVarsInLog = 0;
		};
/* End PBXShellScriptBuildPhase section */

/* Begin PBXSourcesBuildPhase section */
		721CFFC01AA2F6E400484BAA /* Sources */ = {
			isa = PBXSourcesBuildPhase;
			buildActionMask = 2147483647;
			files = (
				721CFFF71AA2FA4D00484BAA /* GPSLocationManager.swift in Sources */,
				725DDD9D1AC81BC900FA6ED5 /* CountrySelectorType.swift in Sources */,
				721CFFCA1AA2F6E400484BAA /* AppDelegate.swift in Sources */,
				721C002D1AA2FABE00484BAA /* UserModelObserver.swift in Sources */,
				721CFFFC1AA2FA6000484BAA /* ConverterViewController.swift in Sources */,
				72A9D4C81AA5246800A15E70 /* ConversionRateManager.swift in Sources */,
				72B2EFAB1AF4C47E00E26FE4 /* OfflineEntry.swift in Sources */,
				726353441AC7FB3C00F4F4A5 /* LocaleCountryNameTuple.swift in Sources */,
				39E4C1141AB5EF63001B310D /* CountryTableViewController.swift in Sources */,
				72FEF4381AD461560057F388 /* MenuViewController.swift in Sources */,
				7263533E1AC7DCC300F4F4A5 /* LocaleUtils.swift in Sources */,
				72C003B31AE31707009E309E /* Extensions.swift in Sources */,
				721C002C1AA2FABE00484BAA /* UserModel.swift in Sources */,
				723475B21AEBC7690036E764 /* Timing.swift in Sources */,
				72FEF43A1AD461950057F388 /* CountrySelectorViewController.swift in Sources */,
				324F458A1EA809936436364F /* FAComponents.swift in Sources */,
				72C10AF31AF93C7B00F68907 /* ConversionRateObject.swift in Sources */,
				72B5B93E1AFF836F00C436D4 /* FileUtils.swift in Sources */,
			);
			runOnlyForDeploymentPostprocessing = 0;
		};
		721CFFD51AA2F6E400484BAA /* Sources */ = {
			isa = PBXSourcesBuildPhase;
			buildActionMask = 2147483647;
			files = (
				7239BB521AE960A10097CFA2 /* GPSLocationManager.swift in Sources */,
				7266E4551AF947230032EF4C /* ConverterViewControllerTests.swift in Sources */,
				7239BB561AE962890097CFA2 /* LocaleCountryNameTuple.swift in Sources */,
				7266E45B1AF948680032EF4C /* CountryTableViewController.swift in Sources */,
				7239BB541AE9626A0097CFA2 /* LocaleUtils.swift in Sources */,
				7266E45A1AF9485E0032EF4C /* CountrySelectorViewController.swift in Sources */,
				7266E4561AF947770032EF4C /* ConverterViewController.swift in Sources */,
				723475A01AEB932F0036E764 /* ConvertionRateManagerTests.swift in Sources */,
				72B5B93F1AFF836F00C436D4 /* FileUtils.swift in Sources */,
				7266E4591AF948550032EF4C /* MenuViewController.swift in Sources */,
				7266E4581AF948400032EF4C /* FAComponents.swift in Sources */,
				7266E4571AF947D90032EF4C /* Extensions.swift in Sources */,
				72B2EFAD1AF4C6C800E26FE4 /* OfflineEntry.swift in Sources */,
				72A9D4C51AA5219C00A15E70 /* GPSLoctionManagerTests.swift in Sources */,
				7239BB641AE9803C0097CFA2 /* ConversionRateManager.swift in Sources */,
				7239BB681AE982A80097CFA2 /* UserModelObserver.swift in Sources */,
				7239BB631AE980370097CFA2 /* CountrySelectorType.swift in Sources */,
				723475B31AEBC78C0036E764 /* Timing.swift in Sources */,
				7239BB531AE960EA0097CFA2 /* UserModel.swift in Sources */,
				723475A21AEB93BD0036E764 /* ConversionRateManagerSub.swift in Sources */,
				72C10AF41AF93FCA00F68907 /* ConversionRateObject.swift in Sources */,
			);
			runOnlyForDeploymentPostprocessing = 0;
		};
/* End PBXSourcesBuildPhase section */

/* Begin PBXTargetDependency section */
		721CFFDB1AA2F6E400484BAA /* PBXTargetDependency */ = {
			isa = PBXTargetDependency;
			target = 721CFFC31AA2F6E400484BAA /* picnic */;
			targetProxy = 721CFFDA1AA2F6E400484BAA /* PBXContainerItemProxy */;
		};
/* End PBXTargetDependency section */

/* Begin PBXVariantGroup section */
		721C001E1AA2FA7B00484BAA /* LaunchScreen.xib */ = {
			isa = PBXVariantGroup;
			children = (
				721C001F1AA2FA7B00484BAA /* Base */,
			);
			name = LaunchScreen.xib;
			sourceTree = "<group>";
		};
		721C002E1AA2FB2B00484BAA /* Main.storyboard */ = {
			isa = PBXVariantGroup;
			children = (
				721C002F1AA2FB2B00484BAA /* Base */,
			);
			name = Main.storyboard;
			sourceTree = "<group>";
		};
/* End PBXVariantGroup section */

/* Begin XCBuildConfiguration section */
		721CFFE11AA2F6E400484BAA /* Debug */ = {
			isa = XCBuildConfiguration;
			buildSettings = {
				ALWAYS_SEARCH_USER_PATHS = NO;
				CLANG_CXX_LANGUAGE_STANDARD = "gnu++0x";
				CLANG_CXX_LIBRARY = "libc++";
				CLANG_ENABLE_MODULES = YES;
				CLANG_ENABLE_OBJC_ARC = YES;
				CLANG_WARN_BOOL_CONVERSION = YES;
				CLANG_WARN_CONSTANT_CONVERSION = YES;
				CLANG_WARN_DIRECT_OBJC_ISA_USAGE = YES_ERROR;
				CLANG_WARN_EMPTY_BODY = YES;
				CLANG_WARN_ENUM_CONVERSION = YES;
				CLANG_WARN_INFINITE_RECURSION = YES;
				CLANG_WARN_INT_CONVERSION = YES;
				CLANG_WARN_OBJC_ROOT_CLASS = YES_ERROR;
				CLANG_WARN_SUSPICIOUS_MOVE = YES;
				CLANG_WARN_UNREACHABLE_CODE = YES;
				CLANG_WARN__DUPLICATE_METHOD_MATCH = YES;
				"CODE_SIGN_IDENTITY[sdk=iphoneos*]" = "iPhone Developer";
				COPY_PHASE_STRIP = NO;
				ENABLE_STRICT_OBJC_MSGSEND = YES;
				ENABLE_TESTABILITY = YES;
				GCC_C_LANGUAGE_STANDARD = gnu99;
				GCC_DYNAMIC_NO_PIC = NO;
				GCC_NO_COMMON_BLOCKS = YES;
				GCC_OPTIMIZATION_LEVEL = 0;
				GCC_PREPROCESSOR_DEFINITIONS = (
					"DEBUG=1",
					"$(inherited)",
				);
				GCC_SYMBOLS_PRIVATE_EXTERN = NO;
				GCC_WARN_64_TO_32_BIT_CONVERSION = YES;
				GCC_WARN_ABOUT_RETURN_TYPE = YES_ERROR;
				GCC_WARN_UNDECLARED_SELECTOR = YES;
				GCC_WARN_UNINITIALIZED_AUTOS = YES_AGGRESSIVE;
				GCC_WARN_UNUSED_FUNCTION = YES;
				GCC_WARN_UNUSED_VARIABLE = YES;
				IPHONEOS_DEPLOYMENT_TARGET = 9.0;
				MTL_ENABLE_DEBUG_INFO = YES;
				ONLY_ACTIVE_ARCH = YES;
				SDKROOT = iphoneos;
				SWIFT_OPTIMIZATION_LEVEL = "-Onone";
			};
			name = Debug;
		};
		721CFFE21AA2F6E400484BAA /* Release */ = {
			isa = XCBuildConfiguration;
			buildSettings = {
				ALWAYS_SEARCH_USER_PATHS = NO;
				CLANG_CXX_LANGUAGE_STANDARD = "gnu++0x";
				CLANG_CXX_LIBRARY = "libc++";
				CLANG_ENABLE_MODULES = YES;
				CLANG_ENABLE_OBJC_ARC = YES;
				CLANG_WARN_BOOL_CONVERSION = YES;
				CLANG_WARN_CONSTANT_CONVERSION = YES;
				CLANG_WARN_DIRECT_OBJC_ISA_USAGE = YES_ERROR;
				CLANG_WARN_EMPTY_BODY = YES;
				CLANG_WARN_ENUM_CONVERSION = YES;
				CLANG_WARN_INFINITE_RECURSION = YES;
				CLANG_WARN_INT_CONVERSION = YES;
				CLANG_WARN_OBJC_ROOT_CLASS = YES_ERROR;
				CLANG_WARN_SUSPICIOUS_MOVE = YES;
				CLANG_WARN_UNREACHABLE_CODE = YES;
				CLANG_WARN__DUPLICATE_METHOD_MATCH = YES;
				"CODE_SIGN_IDENTITY[sdk=iphoneos*]" = "iPhone Developer";
				COPY_PHASE_STRIP = YES;
				ENABLE_NS_ASSERTIONS = NO;
				ENABLE_STRICT_OBJC_MSGSEND = YES;
				GCC_C_LANGUAGE_STANDARD = gnu99;
				GCC_NO_COMMON_BLOCKS = YES;
				GCC_WARN_64_TO_32_BIT_CONVERSION = YES;
				GCC_WARN_ABOUT_RETURN_TYPE = YES_ERROR;
				GCC_WARN_UNDECLARED_SELECTOR = YES;
				GCC_WARN_UNINITIALIZED_AUTOS = YES_AGGRESSIVE;
				GCC_WARN_UNUSED_FUNCTION = YES;
				GCC_WARN_UNUSED_VARIABLE = YES;
				IPHONEOS_DEPLOYMENT_TARGET = 9.0;
				MTL_ENABLE_DEBUG_INFO = NO;
				SDKROOT = iphoneos;
				SWIFT_OPTIMIZATION_LEVEL = "-Owholemodule";
				VALIDATE_PRODUCT = YES;
			};
			name = Release;
		};
		721CFFE41AA2F6E400484BAA /* Debug */ = {
			isa = XCBuildConfiguration;
			baseConfigurationReference = 96356E8ACBFC581BACE7DA08 /* Pods-picnic.debug.xcconfig */;
			buildSettings = {
				ASSETCATALOG_COMPILER_APPICON_NAME = AppIcon;
				CODE_SIGN_ENTITLEMENTS = picnic/picnic.entitlements;
				CODE_SIGN_IDENTITY = "iPhone Developer: Knut Nygaard (5GK5JYF47Q)";
				"CODE_SIGN_IDENTITY[sdk=iphoneos*]" = "iPhone Developer";
				DEVELOPMENT_TEAM = E9A359GGU4;
				ENABLE_BITCODE = NO;
				INFOPLIST_FILE = picnic/Info.plist;
				IPHONEOS_DEPLOYMENT_TARGET = 10.0;
				LD_RUNPATH_SEARCH_PATHS = "$(inherited) @executable_path/Frameworks";
				PRODUCT_BUNDLE_IDENTIFIER = xyz.nygaard.picnic;
				PRODUCT_NAME = "$(TARGET_NAME)";
				PROVISIONING_PROFILE = "";
				PROVISIONING_PROFILE_SPECIFIER = "";
				SWIFT_OBJC_BRIDGING_HEADER = "picnic-Bridgeing-Header.h";
				SWIFT_VERSION = 3.0;
				TARGETED_DEVICE_FAMILY = "1,2";
			};
			name = Debug;
		};
		721CFFE51AA2F6E400484BAA /* Release */ = {
			isa = XCBuildConfiguration;
			baseConfigurationReference = 36BB9453BFB4F30B1868D8A6 /* Pods-picnic.release.xcconfig */;
			buildSettings = {
				ASSETCATALOG_COMPILER_APPICON_NAME = AppIcon;
				CODE_SIGN_ENTITLEMENTS = picnic/picnic.entitlements;
				CODE_SIGN_IDENTITY = "iPhone Distribution: Knut Nygaard (E9A359GGU4)";
				"CODE_SIGN_IDENTITY[sdk=iphoneos*]" = "iPhone Developer";
				DEVELOPMENT_TEAM = E9A359GGU4;
				ENABLE_BITCODE = NO;
				INFOPLIST_FILE = picnic/Info.plist;
				IPHONEOS_DEPLOYMENT_TARGET = 10.0;
				LD_RUNPATH_SEARCH_PATHS = "$(inherited) @executable_path/Frameworks";
				PRODUCT_BUNDLE_IDENTIFIER = xyz.nygaard.picnic;
				PRODUCT_NAME = "$(TARGET_NAME)";
				PROVISIONING_PROFILE = "";
				PROVISIONING_PROFILE_SPECIFIER = "";
				SWIFT_OBJC_BRIDGING_HEADER = "picnic-Bridgeing-Header.h";
				SWIFT_VERSION = 3.0;
				TARGETED_DEVICE_FAMILY = "1,2";
			};
			name = Release;
		};
		721CFFE71AA2F6E400484BAA /* Debug */ = {
			isa = XCBuildConfiguration;
			baseConfigurationReference = D7D9A7346477D485DD3EB53A /* Pods-picnicTests.debug.xcconfig */;
			buildSettings = {
				BUNDLE_LOADER = "$(TEST_HOST)";
				GCC_PREPROCESSOR_DEFINITIONS = (
					"DEBUG=1",
					"$(inherited)",
				);
				INFOPLIST_FILE = picnicTests/Info.plist;
				IPHONEOS_DEPLOYMENT_TARGET = 8.0;
				LD_RUNPATH_SEARCH_PATHS = "$(inherited) @executable_path/Frameworks @loader_path/Frameworks";
				PRODUCT_BUNDLE_IDENTIFIER = "com.apmsolutions.$(PRODUCT_NAME:rfc1034identifier)";
				PRODUCT_NAME = "$(TARGET_NAME)";
				SWIFT_VERSION = 3.0;
				TEST_HOST = "$(BUILT_PRODUCTS_DIR)/picnic.app/picnic";
			};
			name = Debug;
		};
		721CFFE81AA2F6E400484BAA /* Release */ = {
			isa = XCBuildConfiguration;
			baseConfigurationReference = 4E267E451B046B8A7C67E352 /* Pods-picnicTests.release.xcconfig */;
			buildSettings = {
				BUNDLE_LOADER = "$(TEST_HOST)";
				INFOPLIST_FILE = picnicTests/Info.plist;
				IPHONEOS_DEPLOYMENT_TARGET = 8.0;
				LD_RUNPATH_SEARCH_PATHS = "$(inherited) @executable_path/Frameworks @loader_path/Frameworks";
				PRODUCT_BUNDLE_IDENTIFIER = "com.apmsolutions.$(PRODUCT_NAME:rfc1034identifier)";
				PRODUCT_NAME = "$(TARGET_NAME)";
				SWIFT_VERSION = 3.0;
				TEST_HOST = "$(BUILT_PRODUCTS_DIR)/picnic.app/picnic";
			};
			name = Release;
		};
/* End XCBuildConfiguration section */

/* Begin XCConfigurationList section */
		721CFFBF1AA2F6E400484BAA /* Build configuration list for PBXProject "picnic" */ = {
			isa = XCConfigurationList;
			buildConfigurations = (
				721CFFE11AA2F6E400484BAA /* Debug */,
				721CFFE21AA2F6E400484BAA /* Release */,
			);
			defaultConfigurationIsVisible = 0;
			defaultConfigurationName = Release;
		};
		721CFFE31AA2F6E400484BAA /* Build configuration list for PBXNativeTarget "picnic" */ = {
			isa = XCConfigurationList;
			buildConfigurations = (
				721CFFE41AA2F6E400484BAA /* Debug */,
				721CFFE51AA2F6E400484BAA /* Release */,
			);
			defaultConfigurationIsVisible = 0;
			defaultConfigurationName = Release;
		};
		721CFFE61AA2F6E400484BAA /* Build configuration list for PBXNativeTarget "picnicTests" */ = {
			isa = XCConfigurationList;
			buildConfigurations = (
				721CFFE71AA2F6E400484BAA /* Debug */,
				721CFFE81AA2F6E400484BAA /* Release */,
			);
			defaultConfigurationIsVisible = 0;
			defaultConfigurationName = Release;
		};
/* End XCConfigurationList section */
	};
	rootObject = 721CFFBC1AA2F6E400484BAA /* Project object */;
}
