// !$*UTF8*$!
{
	archiveVersion = 1;
	classes = {
	};
	objectVersion = 46;
	objects = {

/* Begin PBXBuildFile section */
		22F8DBEC1A98A23200CA6287 /* Settings.bundle in Resources */ = {isa = PBXBuildFile; fileRef = 22F8DBEB1A98A23200CA6287 /* Settings.bundle */; };
		43B51F9F495BEC523594A3D3 /* Pods.framework in Frameworks */ = {isa = PBXBuildFile; fileRef = D23532B61FCF0FBACDC0280F /* Pods.framework */; settings = {ATTRIBUTES = (Weak, ); }; };
		720810B21A9CFE11009A2A2E /* UserModelObserver.swift in Sources */ = {isa = PBXBuildFile; fileRef = 720810B11A9CFE11009A2A2E /* UserModelObserver.swift */; };
		7231FB811AA1F7C30069A91A /* ConverterViewController.swift in Sources */ = {isa = PBXBuildFile; fileRef = 728815671AA141170084BCC6 /* ConverterViewController.swift */; };
		7250E6B91AA21DE500EF32F2 /* ConverterConstraintsModel.swift in Sources */ = {isa = PBXBuildFile; fileRef = 7250E6B81AA21DE500EF32F2 /* ConverterConstraintsModel.swift */; };
		7250E6BA1AA21EA300EF32F2 /* ConverterConstraintsModel.swift in Sources */ = {isa = PBXBuildFile; fileRef = 7250E6B81AA21DE500EF32F2 /* ConverterConstraintsModel.swift */; };
		7262F6951A98CA6B00C5E3BE /* UserModel.swift in Sources */ = {isa = PBXBuildFile; fileRef = 7262F6941A98CA6B00C5E3BE /* UserModel.swift */; };
		7262F6971A98CDF500C5E3BE /* LocationManagerWrapper.swift in Sources */ = {isa = PBXBuildFile; fileRef = 7262F6961A98CDF500C5E3BE /* LocationManagerWrapper.swift */; };
		727A03211AA23D04007D2661 /* TopBannerConstraintsModel.swift in Sources */ = {isa = PBXBuildFile; fileRef = 727A03201AA23D04007D2661 /* TopBannerConstraintsModel.swift */; };
		727A03221AA23D04007D2661 /* TopBannerConstraintsModel.swift in Sources */ = {isa = PBXBuildFile; fileRef = 727A03201AA23D04007D2661 /* TopBannerConstraintsModel.swift */; };
		727A03241AA25526007D2661 /* ParentConstraintsModel.swift in Sources */ = {isa = PBXBuildFile; fileRef = 727A03231AA25526007D2661 /* ParentConstraintsModel.swift */; };
		727A03251AA25526007D2661 /* ParentConstraintsModel.swift in Sources */ = {isa = PBXBuildFile; fileRef = 727A03231AA25526007D2661 /* ParentConstraintsModel.swift */; };
		728815681AA141170084BCC6 /* ConverterViewController.swift in Sources */ = {isa = PBXBuildFile; fileRef = 728815671AA141170084BCC6 /* ConverterViewController.swift */; };
		728A9AED1AA1DCE3001C417A /* TopBannerViewController.swift in Sources */ = {isa = PBXBuildFile; fileRef = 72D06A301AA0DC4600A51E1D /* TopBannerViewController.swift */; };
		72B2DF8C1AA2830D0044B38E /* childs-transparant.png in Resources */ = {isa = PBXBuildFile; fileRef = 72B2DF8B1AA2830D0044B38E /* childs-transparant.png */; };
		72D06A2E1AA0D30100A51E1D /* fontawesome-webfont.ttf in Resources */ = {isa = PBXBuildFile; fileRef = 72D06A2D1AA0D30100A51E1D /* fontawesome-webfont.ttf */; };
		72D06A311AA0DC4600A51E1D /* TopBannerViewController.swift in Sources */ = {isa = PBXBuildFile; fileRef = 72D06A301AA0DC4600A51E1D /* TopBannerViewController.swift */; };
		72D9D8CF1A9E5AF5001211F7 /* ViewControllerTest.swift in Sources */ = {isa = PBXBuildFile; fileRef = 72D9D8CE1A9E5AF5001211F7 /* ViewControllerTest.swift */; };
		72D9D8D01A9E5F15001211F7 /* ViewController.swift in Sources */ = {isa = PBXBuildFile; fileRef = 72E0C80A1A9895B600AF7BC3 /* ViewController.swift */; };
		72D9D8D11A9E6009001211F7 /* UserModel.swift in Sources */ = {isa = PBXBuildFile; fileRef = 7262F6941A98CA6B00C5E3BE /* UserModel.swift */; };
		72D9D8D21A9E600C001211F7 /* LocationManagerWrapper.swift in Sources */ = {isa = PBXBuildFile; fileRef = 7262F6961A98CDF500C5E3BE /* LocationManagerWrapper.swift */; };
		72D9D8D31A9E600F001211F7 /* UserModelObserver.swift in Sources */ = {isa = PBXBuildFile; fileRef = 720810B11A9CFE11009A2A2E /* UserModelObserver.swift */; };
		72E0C8091A9895B600AF7BC3 /* AppDelegate.swift in Sources */ = {isa = PBXBuildFile; fileRef = 72E0C8081A9895B600AF7BC3 /* AppDelegate.swift */; };
		72E0C80B1A9895B600AF7BC3 /* ViewController.swift in Sources */ = {isa = PBXBuildFile; fileRef = 72E0C80A1A9895B600AF7BC3 /* ViewController.swift */; };
		72E0C80E1A9895B600AF7BC3 /* Main.storyboard in Resources */ = {isa = PBXBuildFile; fileRef = 72E0C80C1A9895B600AF7BC3 /* Main.storyboard */; };
		72E0C8101A9895B600AF7BC3 /* Images.xcassets in Resources */ = {isa = PBXBuildFile; fileRef = 72E0C80F1A9895B600AF7BC3 /* Images.xcassets */; };
		72E0C8131A9895B600AF7BC3 /* LaunchScreen.xib in Resources */ = {isa = PBXBuildFile; fileRef = 72E0C8111A9895B600AF7BC3 /* LaunchScreen.xib */; };
		72E0C81F1A9895B600AF7BC3 /* currencyoliniTests.swift in Sources */ = {isa = PBXBuildFile; fileRef = 72E0C81E1A9895B600AF7BC3 /* currencyoliniTests.swift */; };
		C82378CC201D80D14C797C0D /* Pods.framework in Frameworks */ = {isa = PBXBuildFile; fileRef = D23532B61FCF0FBACDC0280F /* Pods.framework */; settings = {ATTRIBUTES = (Weak, ); }; };
/* End PBXBuildFile section */

/* Begin PBXContainerItemProxy section */
		72E0C8191A9895B600AF7BC3 /* PBXContainerItemProxy */ = {
			isa = PBXContainerItemProxy;
			containerPortal = 72E0C7FB1A9895B600AF7BC3 /* Project object */;
			proxyType = 1;
			remoteGlobalIDString = 72E0C8021A9895B600AF7BC3;
			remoteInfo = currencyolini;
		};
/* End PBXContainerItemProxy section */

/* Begin PBXFileReference section */
		22F8DBEB1A98A23200CA6287 /* Settings.bundle */ = {isa = PBXFileReference; lastKnownFileType = "wrapper.plug-in"; path = Settings.bundle; sourceTree = "<group>"; };
		720810B11A9CFE11009A2A2E /* UserModelObserver.swift */ = {isa = PBXFileReference; fileEncoding = 4; lastKnownFileType = sourcecode.swift; path = UserModelObserver.swift; sourceTree = "<group>"; };
		7250E6B81AA21DE500EF32F2 /* ConverterConstraintsModel.swift */ = {isa = PBXFileReference; fileEncoding = 4; lastKnownFileType = sourcecode.swift; path = ConverterConstraintsModel.swift; sourceTree = "<group>"; };
		7262F6941A98CA6B00C5E3BE /* UserModel.swift */ = {isa = PBXFileReference; fileEncoding = 4; lastKnownFileType = sourcecode.swift; path = UserModel.swift; sourceTree = "<group>"; };
		7262F6961A98CDF500C5E3BE /* LocationManagerWrapper.swift */ = {isa = PBXFileReference; fileEncoding = 4; lastKnownFileType = sourcecode.swift; path = LocationManagerWrapper.swift; sourceTree = "<group>"; };
		727A03201AA23D04007D2661 /* TopBannerConstraintsModel.swift */ = {isa = PBXFileReference; fileEncoding = 4; lastKnownFileType = sourcecode.swift; path = TopBannerConstraintsModel.swift; sourceTree = "<group>"; };
		727A03231AA25526007D2661 /* ParentConstraintsModel.swift */ = {isa = PBXFileReference; fileEncoding = 4; lastKnownFileType = sourcecode.swift; path = ParentConstraintsModel.swift; sourceTree = "<group>"; };
		728815671AA141170084BCC6 /* ConverterViewController.swift */ = {isa = PBXFileReference; fileEncoding = 4; lastKnownFileType = sourcecode.swift; name = ConverterViewController.swift; path = ../ConverterViewController.swift; sourceTree = "<group>"; };
		72B2DF8B1AA2830D0044B38E /* childs-transparant.png */ = {isa = PBXFileReference; lastKnownFileType = image.png; name = "childs-transparant.png"; path = "Resources/childs-transparant.png"; sourceTree = "<group>"; };
		72D06A2D1AA0D30100A51E1D /* fontawesome-webfont.ttf */ = {isa = PBXFileReference; lastKnownFileType = file; name = "fontawesome-webfont.ttf"; path = "Resources/fontawesome-webfont.ttf"; sourceTree = "<group>"; };
		72D06A301AA0DC4600A51E1D /* TopBannerViewController.swift */ = {isa = PBXFileReference; fileEncoding = 4; lastKnownFileType = sourcecode.swift; path = TopBannerViewController.swift; sourceTree = "<group>"; };
		72D9D8CE1A9E5AF5001211F7 /* ViewControllerTest.swift */ = {isa = PBXFileReference; fileEncoding = 4; lastKnownFileType = sourcecode.swift; path = ViewControllerTest.swift; sourceTree = "<group>"; };
		72E0C8031A9895B600AF7BC3 /* currencyolini.app */ = {isa = PBXFileReference; explicitFileType = wrapper.application; includeInIndex = 0; path = currencyolini.app; sourceTree = BUILT_PRODUCTS_DIR; };
		72E0C8071A9895B600AF7BC3 /* Info.plist */ = {isa = PBXFileReference; lastKnownFileType = text.plist.xml; path = Info.plist; sourceTree = "<group>"; };
		72E0C8081A9895B600AF7BC3 /* AppDelegate.swift */ = {isa = PBXFileReference; lastKnownFileType = sourcecode.swift; path = AppDelegate.swift; sourceTree = "<group>"; };
		72E0C80A1A9895B600AF7BC3 /* ViewController.swift */ = {isa = PBXFileReference; lastKnownFileType = sourcecode.swift; path = ViewController.swift; sourceTree = "<group>"; };
		72E0C80D1A9895B600AF7BC3 /* Base */ = {isa = PBXFileReference; lastKnownFileType = file.storyboard; name = Base; path = Base.lproj/Main.storyboard; sourceTree = "<group>"; };
		72E0C80F1A9895B600AF7BC3 /* Images.xcassets */ = {isa = PBXFileReference; lastKnownFileType = folder.assetcatalog; path = Images.xcassets; sourceTree = "<group>"; };
		72E0C8121A9895B600AF7BC3 /* Base */ = {isa = PBXFileReference; lastKnownFileType = file.xib; name = Base; path = Base.lproj/LaunchScreen.xib; sourceTree = "<group>"; };
		72E0C8181A9895B600AF7BC3 /* currencyoliniTests.xctest */ = {isa = PBXFileReference; explicitFileType = wrapper.cfbundle; includeInIndex = 0; path = currencyoliniTests.xctest; sourceTree = BUILT_PRODUCTS_DIR; };
		72E0C81D1A9895B600AF7BC3 /* Info.plist */ = {isa = PBXFileReference; lastKnownFileType = text.plist.xml; path = Info.plist; sourceTree = "<group>"; };
		72E0C81E1A9895B600AF7BC3 /* currencyoliniTests.swift */ = {isa = PBXFileReference; lastKnownFileType = sourcecode.swift; path = currencyoliniTests.swift; sourceTree = "<group>"; };
		86DE7895A7ED9D04AB1DFD14 /* Pods.debug.xcconfig */ = {isa = PBXFileReference; includeInIndex = 1; lastKnownFileType = text.xcconfig; name = Pods.debug.xcconfig; path = "Pods/Target Support Files/Pods/Pods.debug.xcconfig"; sourceTree = "<group>"; };
		8E15038B88855076D9D34D99 /* Pods.release.xcconfig */ = {isa = PBXFileReference; includeInIndex = 1; lastKnownFileType = text.xcconfig; name = Pods.release.xcconfig; path = "Pods/Target Support Files/Pods/Pods.release.xcconfig"; sourceTree = "<group>"; };
		D23532B61FCF0FBACDC0280F /* Pods.framework */ = {isa = PBXFileReference; explicitFileType = wrapper.framework; includeInIndex = 0; path = Pods.framework; sourceTree = BUILT_PRODUCTS_DIR; };
/* End PBXFileReference section */

/* Begin PBXFrameworksBuildPhase section */
		72E0C8001A9895B600AF7BC3 /* Frameworks */ = {
			isa = PBXFrameworksBuildPhase;
			buildActionMask = 2147483647;
			files = (
				43B51F9F495BEC523594A3D3 /* Pods.framework in Frameworks */,
			);
			runOnlyForDeploymentPostprocessing = 0;
		};
		72E0C8151A9895B600AF7BC3 /* Frameworks */ = {
			isa = PBXFrameworksBuildPhase;
			buildActionMask = 2147483647;
			files = (
				C82378CC201D80D14C797C0D /* Pods.framework in Frameworks */,
			);
			runOnlyForDeploymentPostprocessing = 0;
		};
/* End PBXFrameworksBuildPhase section */

/* Begin PBXGroup section */
		1456D3B059D802951EF43569 /* Frameworks */ = {
			isa = PBXGroup;
			children = (
				D23532B61FCF0FBACDC0280F /* Pods.framework */,
			);
			name = Frameworks;
			sourceTree = "<group>";
		};
		72560F4F1A98F83D009B599A /* location */ = {
			isa = PBXGroup;
			children = (
				7262F6961A98CDF500C5E3BE /* LocationManagerWrapper.swift */,
			);
			name = location;
			sourceTree = "<group>";
		};
		7262F6931A98CA2A00C5E3BE /* models */ = {
			isa = PBXGroup;
			children = (
				7262F6941A98CA6B00C5E3BE /* UserModel.swift */,
				720810B11A9CFE11009A2A2E /* UserModelObserver.swift */,
				7250E6B81AA21DE500EF32F2 /* ConverterConstraintsModel.swift */,
				727A03201AA23D04007D2661 /* TopBannerConstraintsModel.swift */,
				727A03231AA25526007D2661 /* ParentConstraintsModel.swift */,
			);
			name = models;
			sourceTree = "<group>";
		};
		72D06A2F1AA0D30800A51E1D /* Resources */ = {
			isa = PBXGroup;
			children = (
				72B2DF8B1AA2830D0044B38E /* childs-transparant.png */,
				72D06A2D1AA0D30100A51E1D /* fontawesome-webfont.ttf */,
			);
			name = Resources;
			sourceTree = "<group>";
		};
		72E0C7FA1A9895B600AF7BC3 = {
			isa = PBXGroup;
			children = (
				72D06A2F1AA0D30800A51E1D /* Resources */,
				72E0C8051A9895B600AF7BC3 /* currencyolini */,
				72E0C81B1A9895B600AF7BC3 /* currencyoliniTests */,
				72E0C8041A9895B600AF7BC3 /* Products */,
				BA1A8CAFEFEBEF257754A2F0 /* Pods */,
				1456D3B059D802951EF43569 /* Frameworks */,
			);
			sourceTree = "<group>";
		};
		72E0C8041A9895B600AF7BC3 /* Products */ = {
			isa = PBXGroup;
			children = (
				72E0C8031A9895B600AF7BC3 /* currencyolini.app */,
				72E0C8181A9895B600AF7BC3 /* currencyoliniTests.xctest */,
			);
			name = Products;
			sourceTree = "<group>";
		};
		72E0C8051A9895B600AF7BC3 /* currencyolini */ = {
			isa = PBXGroup;
			children = (
				72560F4F1A98F83D009B599A /* location */,
				7262F6931A98CA2A00C5E3BE /* models */,
				72E0C8081A9895B600AF7BC3 /* AppDelegate.swift */,
				728815671AA141170084BCC6 /* ConverterViewController.swift */,
				72D06A301AA0DC4600A51E1D /* TopBannerViewController.swift */,
				72E0C80A1A9895B600AF7BC3 /* ViewController.swift */,
				72E0C80C1A9895B600AF7BC3 /* Main.storyboard */,
				72E0C80F1A9895B600AF7BC3 /* Images.xcassets */,
				72E0C8111A9895B600AF7BC3 /* LaunchScreen.xib */,
				72E0C8061A9895B600AF7BC3 /* Supporting Files */,
				22F8DBEB1A98A23200CA6287 /* Settings.bundle */,
			);
			path = currencyolini;
			sourceTree = "<group>";
		};
		72E0C8061A9895B600AF7BC3 /* Supporting Files */ = {
			isa = PBXGroup;
			children = (
				72E0C8071A9895B600AF7BC3 /* Info.plist */,
			);
			name = "Supporting Files";
			sourceTree = "<group>";
		};
		72E0C81B1A9895B600AF7BC3 /* currencyoliniTests */ = {
			isa = PBXGroup;
			children = (
				72D9D8CE1A9E5AF5001211F7 /* ViewControllerTest.swift */,
				72E0C81E1A9895B600AF7BC3 /* currencyoliniTests.swift */,
				72E0C81C1A9895B600AF7BC3 /* Supporting Files */,
			);
			path = currencyoliniTests;
			sourceTree = "<group>";
		};
		72E0C81C1A9895B600AF7BC3 /* Supporting Files */ = {
			isa = PBXGroup;
			children = (
				72E0C81D1A9895B600AF7BC3 /* Info.plist */,
			);
			name = "Supporting Files";
			sourceTree = "<group>";
		};
		BA1A8CAFEFEBEF257754A2F0 /* Pods */ = {
			isa = PBXGroup;
			children = (
				86DE7895A7ED9D04AB1DFD14 /* Pods.debug.xcconfig */,
				8E15038B88855076D9D34D99 /* Pods.release.xcconfig */,
			);
			name = Pods;
			sourceTree = "<group>";
		};
/* End PBXGroup section */

/* Begin PBXNativeTarget section */
		72E0C8021A9895B600AF7BC3 /* currencyolini */ = {
			isa = PBXNativeTarget;
			buildConfigurationList = 72E0C8221A9895B600AF7BC3 /* Build configuration list for PBXNativeTarget "currencyolini" */;
			buildPhases = (
				5084B32A66067A0BC109BD87 /* Check Pods Manifest.lock */,
				72E0C7FF1A9895B600AF7BC3 /* Sources */,
				72E0C8001A9895B600AF7BC3 /* Frameworks */,
				72E0C8011A9895B600AF7BC3 /* Resources */,
				FB4E408A500E2AA1744F3E01 /* Copy Pods Resources */,
				033420FF2CE074F10330ED59 /* Embed Pods Frameworks */,
			);
			buildRules = (
			);
			dependencies = (
			);
			name = currencyolini;
			productName = currencyolini;
			productReference = 72E0C8031A9895B600AF7BC3 /* currencyolini.app */;
			productType = "com.apple.product-type.application";
		};
		72E0C8171A9895B600AF7BC3 /* currencyoliniTests */ = {
			isa = PBXNativeTarget;
			buildConfigurationList = 72E0C8251A9895B600AF7BC3 /* Build configuration list for PBXNativeTarget "currencyoliniTests" */;
			buildPhases = (
				7A017E4862C9DE614DE5AF1C /* Check Pods Manifest.lock */,
				72E0C8141A9895B600AF7BC3 /* Sources */,
				72E0C8151A9895B600AF7BC3 /* Frameworks */,
				72E0C8161A9895B600AF7BC3 /* Resources */,
				8EB4124290C8BFC8783EC6A6 /* Embed Pods Frameworks */,
				9F7964BFC861C6A4BA6EE7E2 /* Copy Pods Resources */,
			);
			buildRules = (
			);
			dependencies = (
				72E0C81A1A9895B600AF7BC3 /* PBXTargetDependency */,
			);
			name = currencyoliniTests;
			productName = currencyoliniTests;
			productReference = 72E0C8181A9895B600AF7BC3 /* currencyoliniTests.xctest */;
			productType = "com.apple.product-type.bundle.unit-test";
		};
/* End PBXNativeTarget section */

/* Begin PBXProject section */
		72E0C7FB1A9895B600AF7BC3 /* Project object */ = {
			isa = PBXProject;
			attributes = {
				LastUpgradeCheck = 0610;
				ORGANIZATIONNAME = "Knut Nygaard";
				TargetAttributes = {
					72E0C8021A9895B600AF7BC3 = {
						CreatedOnToolsVersion = 6.1.1;
						DevelopmentTeam = E9A359GGU4;
					};
					72E0C8171A9895B600AF7BC3 = {
						CreatedOnToolsVersion = 6.1.1;
						TestTargetID = 72E0C8021A9895B600AF7BC3;
					};
				};
			};
			buildConfigurationList = 72E0C7FE1A9895B600AF7BC3 /* Build configuration list for PBXProject "currencyolini" */;
			compatibilityVersion = "Xcode 3.2";
			developmentRegion = English;
			hasScannedForEncodings = 0;
			knownRegions = (
				en,
				Base,
			);
			mainGroup = 72E0C7FA1A9895B600AF7BC3;
			productRefGroup = 72E0C8041A9895B600AF7BC3 /* Products */;
			projectDirPath = "";
			projectRoot = "";
			targets = (
				72E0C8021A9895B600AF7BC3 /* currencyolini */,
				72E0C8171A9895B600AF7BC3 /* currencyoliniTests */,
			);
		};
/* End PBXProject section */

/* Begin PBXResourcesBuildPhase section */
		72E0C8011A9895B600AF7BC3 /* Resources */ = {
			isa = PBXResourcesBuildPhase;
			buildActionMask = 2147483647;
			files = (
				72D06A2E1AA0D30100A51E1D /* fontawesome-webfont.ttf in Resources */,
				22F8DBEC1A98A23200CA6287 /* Settings.bundle in Resources */,
				72E0C80E1A9895B600AF7BC3 /* Main.storyboard in Resources */,
				72E0C8131A9895B600AF7BC3 /* LaunchScreen.xib in Resources */,
				72E0C8101A9895B600AF7BC3 /* Images.xcassets in Resources */,
				72B2DF8C1AA2830D0044B38E /* childs-transparant.png in Resources */,
			);
			runOnlyForDeploymentPostprocessing = 0;
		};
		72E0C8161A9895B600AF7BC3 /* Resources */ = {
			isa = PBXResourcesBuildPhase;
			buildActionMask = 2147483647;
			files = (
			);
			runOnlyForDeploymentPostprocessing = 0;
		};
/* End PBXResourcesBuildPhase section */

/* Begin PBXShellScriptBuildPhase section */
		033420FF2CE074F10330ED59 /* Embed Pods Frameworks */ = {
			isa = PBXShellScriptBuildPhase;
			buildActionMask = 2147483647;
			files = (
			);
			inputPaths = (
			);
			name = "Embed Pods Frameworks";
			outputPaths = (
			);
			runOnlyForDeploymentPostprocessing = 0;
			shellPath = /bin/sh;
			shellScript = "\"${SRCROOT}/Pods/Target Support Files/Pods/Pods-frameworks.sh\"\n";
			showEnvVarsInLog = 0;
		};
		5084B32A66067A0BC109BD87 /* Check Pods Manifest.lock */ = {
			isa = PBXShellScriptBuildPhase;
			buildActionMask = 2147483647;
			files = (
			);
			inputPaths = (
			);
			name = "Check Pods Manifest.lock";
			outputPaths = (
			);
			runOnlyForDeploymentPostprocessing = 0;
			shellPath = /bin/sh;
			shellScript = "diff \"${PODS_ROOT}/../Podfile.lock\" \"${PODS_ROOT}/Manifest.lock\" > /dev/null\nif [[ $? != 0 ]] ; then\n    cat << EOM\nerror: The sandbox is not in sync with the Podfile.lock. Run 'pod install' or update your CocoaPods installation.\nEOM\n    exit 1\nfi\n";
			showEnvVarsInLog = 0;
		};
		7A017E4862C9DE614DE5AF1C /* Check Pods Manifest.lock */ = {
			isa = PBXShellScriptBuildPhase;
			buildActionMask = 2147483647;
			files = (
			);
			inputPaths = (
			);
			name = "Check Pods Manifest.lock";
			outputPaths = (
			);
			runOnlyForDeploymentPostprocessing = 0;
			shellPath = /bin/sh;
			shellScript = "diff \"${PODS_ROOT}/../Podfile.lock\" \"${PODS_ROOT}/Manifest.lock\" > /dev/null\nif [[ $? != 0 ]] ; then\n    cat << EOM\nerror: The sandbox is not in sync with the Podfile.lock. Run 'pod install' or update your CocoaPods installation.\nEOM\n    exit 1\nfi\n";
			showEnvVarsInLog = 0;
		};
		8EB4124290C8BFC8783EC6A6 /* Embed Pods Frameworks */ = {
			isa = PBXShellScriptBuildPhase;
			buildActionMask = 2147483647;
			files = (
			);
			inputPaths = (
			);
			name = "Embed Pods Frameworks";
			outputPaths = (
			);
			runOnlyForDeploymentPostprocessing = 0;
			shellPath = /bin/sh;
			shellScript = "\"${SRCROOT}/Pods/Target Support Files/Pods/Pods-frameworks.sh\"\n";
			showEnvVarsInLog = 0;
		};
		9F7964BFC861C6A4BA6EE7E2 /* Copy Pods Resources */ = {
			isa = PBXShellScriptBuildPhase;
			buildActionMask = 2147483647;
			files = (
			);
			inputPaths = (
			);
			name = "Copy Pods Resources";
			outputPaths = (
			);
			runOnlyForDeploymentPostprocessing = 0;
			shellPath = /bin/sh;
			shellScript = "\"${SRCROOT}/Pods/Target Support Files/Pods/Pods-resources.sh\"\n";
			showEnvVarsInLog = 0;
		};
		FB4E408A500E2AA1744F3E01 /* Copy Pods Resources */ = {
			isa = PBXShellScriptBuildPhase;
			buildActionMask = 2147483647;
			files = (
			);
			inputPaths = (
			);
			name = "Copy Pods Resources";
			outputPaths = (
			);
			runOnlyForDeploymentPostprocessing = 0;
			shellPath = /bin/sh;
			shellScript = "\"${SRCROOT}/Pods/Target Support Files/Pods/Pods-resources.sh\"\n";
			showEnvVarsInLog = 0;
		};
/* End PBXShellScriptBuildPhase section */

/* Begin PBXSourcesBuildPhase section */
		72E0C7FF1A9895B600AF7BC3 /* Sources */ = {
			isa = PBXSourcesBuildPhase;
			buildActionMask = 2147483647;
			files = (
				727A03211AA23D04007D2661 /* TopBannerConstraintsModel.swift in Sources */,
				7262F6971A98CDF500C5E3BE /* LocationManagerWrapper.swift in Sources */,
				727A03241AA25526007D2661 /* ParentConstraintsModel.swift in Sources */,
				72E0C80B1A9895B600AF7BC3 /* ViewController.swift in Sources */,
				7250E6B91AA21DE500EF32F2 /* ConverterConstraintsModel.swift in Sources */,
				7262F6951A98CA6B00C5E3BE /* UserModel.swift in Sources */,
				72E0C8091A9895B600AF7BC3 /* AppDelegate.swift in Sources */,
				72D06A311AA0DC4600A51E1D /* TopBannerViewController.swift in Sources */,
				728815681AA141170084BCC6 /* ConverterViewController.swift in Sources */,
				720810B21A9CFE11009A2A2E /* UserModelObserver.swift in Sources */,
			);
			runOnlyForDeploymentPostprocessing = 0;
		};
		72E0C8141A9895B600AF7BC3 /* Sources */ = {
			isa = PBXSourcesBuildPhase;
			buildActionMask = 2147483647;
			files = (
				727A03221AA23D04007D2661 /* TopBannerConstraintsModel.swift in Sources */,
				72D9D8D31A9E600F001211F7 /* UserModelObserver.swift in Sources */,
				727A03251AA25526007D2661 /* ParentConstraintsModel.swift in Sources */,
				72D9D8D01A9E5F15001211F7 /* ViewController.swift in Sources */,
				7250E6BA1AA21EA300EF32F2 /* ConverterConstraintsModel.swift in Sources */,
				728A9AED1AA1DCE3001C417A /* TopBannerViewController.swift in Sources */,
				72D9D8CF1A9E5AF5001211F7 /* ViewControllerTest.swift in Sources */,
				72D9D8D11A9E6009001211F7 /* UserModel.swift in Sources */,
				72E0C81F1A9895B600AF7BC3 /* currencyoliniTests.swift in Sources */,
				72D9D8D21A9E600C001211F7 /* LocationManagerWrapper.swift in Sources */,
				7231FB811AA1F7C30069A91A /* ConverterViewController.swift in Sources */,
			);
			runOnlyForDeploymentPostprocessing = 0;
		};
/* End PBXSourcesBuildPhase section */

/* Begin PBXTargetDependency section */
		72E0C81A1A9895B600AF7BC3 /* PBXTargetDependency */ = {
			isa = PBXTargetDependency;
			target = 72E0C8021A9895B600AF7BC3 /* currencyolini */;
			targetProxy = 72E0C8191A9895B600AF7BC3 /* PBXContainerItemProxy */;
		};
/* End PBXTargetDependency section */

/* Begin PBXVariantGroup section */
		72E0C80C1A9895B600AF7BC3 /* Main.storyboard */ = {
			isa = PBXVariantGroup;
			children = (
				72E0C80D1A9895B600AF7BC3 /* Base */,
			);
			name = Main.storyboard;
			sourceTree = "<group>";
		};
		72E0C8111A9895B600AF7BC3 /* LaunchScreen.xib */ = {
			isa = PBXVariantGroup;
			children = (
				72E0C8121A9895B600AF7BC3 /* Base */,
			);
			name = LaunchScreen.xib;
			sourceTree = "<group>";
		};
/* End PBXVariantGroup section */

/* Begin XCBuildConfiguration section */
		72E0C8201A9895B600AF7BC3 /* Debug */ = {
			isa = XCBuildConfiguration;
			buildSettings = {
				ALWAYS_SEARCH_USER_PATHS = NO;
				CLANG_CXX_LANGUAGE_STANDARD = "gnu++0x";
				CLANG_CXX_LIBRARY = "libc++";
				CLANG_ENABLE_MODULES = YES;
				CLANG_ENABLE_OBJC_ARC = YES;
				CLANG_WARN_BOOL_CONVERSION = YES;
				CLANG_WARN_CONSTANT_CONVERSION = YES;
				CLANG_WARN_DIRECT_OBJC_ISA_USAGE = YES_ERROR;
				CLANG_WARN_EMPTY_BODY = YES;
				CLANG_WARN_ENUM_CONVERSION = YES;
				CLANG_WARN_INT_CONVERSION = YES;
				CLANG_WARN_OBJC_ROOT_CLASS = YES_ERROR;
				CLANG_WARN_UNREACHABLE_CODE = YES;
				CLANG_WARN__DUPLICATE_METHOD_MATCH = YES;
				"CODE_SIGN_IDENTITY[sdk=iphoneos*]" = "iPhone Developer";
				COPY_PHASE_STRIP = NO;
				ENABLE_STRICT_OBJC_MSGSEND = YES;
				GCC_C_LANGUAGE_STANDARD = gnu99;
				GCC_DYNAMIC_NO_PIC = NO;
				GCC_OPTIMIZATION_LEVEL = 0;
				GCC_PREPROCESSOR_DEFINITIONS = (
					"DEBUG=1",
					"$(inherited)",
				);
				GCC_SYMBOLS_PRIVATE_EXTERN = NO;
				GCC_WARN_64_TO_32_BIT_CONVERSION = YES;
				GCC_WARN_ABOUT_RETURN_TYPE = YES_ERROR;
				GCC_WARN_UNDECLARED_SELECTOR = YES;
				GCC_WARN_UNINITIALIZED_AUTOS = YES_AGGRESSIVE;
				GCC_WARN_UNUSED_FUNCTION = YES;
				GCC_WARN_UNUSED_VARIABLE = YES;
				IPHONEOS_DEPLOYMENT_TARGET = 8.1;
				MTL_ENABLE_DEBUG_INFO = YES;
				ONLY_ACTIVE_ARCH = YES;
				SDKROOT = iphoneos;
				SWIFT_OPTIMIZATION_LEVEL = "-Onone";
				TARGETED_DEVICE_FAMILY = "1,2";
			};
			name = Debug;
		};
		72E0C8211A9895B600AF7BC3 /* Release */ = {
			isa = XCBuildConfiguration;
			buildSettings = {
				ALWAYS_SEARCH_USER_PATHS = NO;
				CLANG_CXX_LANGUAGE_STANDARD = "gnu++0x";
				CLANG_CXX_LIBRARY = "libc++";
				CLANG_ENABLE_MODULES = YES;
				CLANG_ENABLE_OBJC_ARC = YES;
				CLANG_WARN_BOOL_CONVERSION = YES;
				CLANG_WARN_CONSTANT_CONVERSION = YES;
				CLANG_WARN_DIRECT_OBJC_ISA_USAGE = YES_ERROR;
				CLANG_WARN_EMPTY_BODY = YES;
				CLANG_WARN_ENUM_CONVERSION = YES;
				CLANG_WARN_INT_CONVERSION = YES;
				CLANG_WARN_OBJC_ROOT_CLASS = YES_ERROR;
				CLANG_WARN_UNREACHABLE_CODE = YES;
				CLANG_WARN__DUPLICATE_METHOD_MATCH = YES;
				"CODE_SIGN_IDENTITY[sdk=iphoneos*]" = "iPhone Developer";
				COPY_PHASE_STRIP = YES;
				ENABLE_NS_ASSERTIONS = NO;
				ENABLE_STRICT_OBJC_MSGSEND = YES;
				GCC_C_LANGUAGE_STANDARD = gnu99;
				GCC_WARN_64_TO_32_BIT_CONVERSION = YES;
				GCC_WARN_ABOUT_RETURN_TYPE = YES_ERROR;
				GCC_WARN_UNDECLARED_SELECTOR = YES;
				GCC_WARN_UNINITIALIZED_AUTOS = YES_AGGRESSIVE;
				GCC_WARN_UNUSED_FUNCTION = YES;
				GCC_WARN_UNUSED_VARIABLE = YES;
				IPHONEOS_DEPLOYMENT_TARGET = 8.1;
				MTL_ENABLE_DEBUG_INFO = NO;
				SDKROOT = iphoneos;
				TARGETED_DEVICE_FAMILY = "1,2";
				VALIDATE_PRODUCT = YES;
			};
			name = Release;
		};
		72E0C8231A9895B600AF7BC3 /* Debug */ = {
			isa = XCBuildConfiguration;
			baseConfigurationReference = 86DE7895A7ED9D04AB1DFD14 /* Pods.debug.xcconfig */;
			buildSettings = {
				ASSETCATALOG_COMPILER_APPICON_NAME = AppIcon;
				CODE_SIGN_IDENTITY = "iPhone Distribution: Knut Nygaard (E9A359GGU4)";
				"CODE_SIGN_IDENTITY[sdk=iphoneos*]" = "iPhone Developer";
				INFOPLIST_FILE = currencyolini/Info.plist;
				LD_RUNPATH_SEARCH_PATHS = "$(inherited) @executable_path/Frameworks";
				PRODUCT_NAME = "$(TARGET_NAME)";
				PROVISIONING_PROFILE = "";
				TARGETED_DEVICE_FAMILY = 1;
			};
			name = Debug;
		};
		72E0C8241A9895B600AF7BC3 /* Release */ = {
			isa = XCBuildConfiguration;
			baseConfigurationReference = 8E15038B88855076D9D34D99 /* Pods.release.xcconfig */;
			buildSettings = {
				ASSETCATALOG_COMPILER_APPICON_NAME = AppIcon;
				CODE_SIGN_IDENTITY = "iPhone Distribution: Knut Nygaard (E9A359GGU4)";
				"CODE_SIGN_IDENTITY[sdk=*]" = "iPhone Distribution: Knut Nygaard (E9A359GGU4)";
				"CODE_SIGN_IDENTITY[sdk=iphoneos*]" = "iPhone Developer";
				INFOPLIST_FILE = currencyolini/Info.plist;
				LD_RUNPATH_SEARCH_PATHS = "$(inherited) @executable_path/Frameworks";
				PRODUCT_NAME = "$(TARGET_NAME)";
				PROVISIONING_PROFILE = "586823cd-df8b-4042-bb19-48ca0127b10f";
				TARGETED_DEVICE_FAMILY = 1;
			};
			name = Release;
		};
		72E0C8261A9895B600AF7BC3 /* Debug */ = {
			isa = XCBuildConfiguration;
			baseConfigurationReference = 86DE7895A7ED9D04AB1DFD14 /* Pods.debug.xcconfig */;
			buildSettings = {
				BUNDLE_LOADER = "$(TEST_HOST)";
				FRAMEWORK_SEARCH_PATHS = (
					"$(SDKROOT)/Developer/Library/Frameworks",
					"$(inherited)",
				);
				GCC_PREPROCESSOR_DEFINITIONS = (
					"DEBUG=1",
					"$(inherited)",
				);
				INFOPLIST_FILE = currencyoliniTests/Info.plist;
				LD_RUNPATH_SEARCH_PATHS = "$(inherited) @executable_path/Frameworks @loader_path/Frameworks";
				PRODUCT_NAME = "$(TARGET_NAME)";
				TEST_HOST = "$(BUILT_PRODUCTS_DIR)/currencyolini.app/currencyolini";
			};
			name = Debug;
		};
		72E0C8271A9895B600AF7BC3 /* Release */ = {
			isa = XCBuildConfiguration;
			baseConfigurationReference = 8E15038B88855076D9D34D99 /* Pods.release.xcconfig */;
			buildSettings = {
				BUNDLE_LOADER = "$(TEST_HOST)";
				FRAMEWORK_SEARCH_PATHS = (
					"$(SDKROOT)/Developer/Library/Frameworks",
					"$(inherited)",
				);
				INFOPLIST_FILE = currencyoliniTests/Info.plist;
				LD_RUNPATH_SEARCH_PATHS = "$(inherited) @executable_path/Frameworks @loader_path/Frameworks";
				PRODUCT_NAME = "$(TARGET_NAME)";
				TEST_HOST = "$(BUILT_PRODUCTS_DIR)/currencyolini.app/currencyolini";
			};
			name = Release;
		};
/* End XCBuildConfiguration section */

/* Begin XCConfigurationList section */
		72E0C7FE1A9895B600AF7BC3 /* Build configuration list for PBXProject "currencyolini" */ = {
			isa = XCConfigurationList;
			buildConfigurations = (
				72E0C8201A9895B600AF7BC3 /* Debug */,
				72E0C8211A9895B600AF7BC3 /* Release */,
			);
			defaultConfigurationIsVisible = 0;
			defaultConfigurationName = Release;
		};
		72E0C8221A9895B600AF7BC3 /* Build configuration list for PBXNativeTarget "currencyolini" */ = {
			isa = XCConfigurationList;
			buildConfigurations = (
				72E0C8231A9895B600AF7BC3 /* Debug */,
				72E0C8241A9895B600AF7BC3 /* Release */,
			);
			defaultConfigurationIsVisible = 0;
			defaultConfigurationName = Release;
		};
		72E0C8251A9895B600AF7BC3 /* Build configuration list for PBXNativeTarget "currencyoliniTests" */ = {
			isa = XCConfigurationList;
			buildConfigurations = (
				72E0C8261A9895B600AF7BC3 /* Debug */,
				72E0C8271A9895B600AF7BC3 /* Release */,
			);
			defaultConfigurationIsVisible = 0;
			defaultConfigurationName = Release;
		};
/* End XCConfigurationList section */
	};
	rootObject = 72E0C7FB1A9895B600AF7BC3 /* Project object */;
}
